{
  "nodes": {
    "base16": {
      "inputs": {
        "nixpkgs": "nixpkgs"
      },
      "locked": {
        "lastModified": 1597074767,
        "narHash": "sha256-WrctYb/drpAsxvBJLDbA+wPCEx9fVDoHHKTMnjVZ4ZU=",
        "owner": "alukardbf",
        "repo": "base16-nix",
        "rev": "d2a9a9a8cf652049f02bbd8671684d8a3e4fcc24",
        "type": "github"
      },
      "original": {
        "owner": "alukardbf",
        "repo": "base16-nix",
        "type": "github"
      }
    },
    "cachix": {
      "locked": {
        "lastModified": 1609187327,
        "narHash": "sha256-6lCwWpGpZxbSYclryv4ixsxxbISe7HuLyyQnGWCC8ZQ=",
        "owner": "nixos",
        "repo": "nixpkgs",
        "rev": "e065200fc90175a8f6e50e76ef10a48786126e1c",
        "type": "github"
      },
      "original": {
        "owner": "nixos",
        "ref": "nixos-20.09",
        "repo": "nixpkgs",
        "type": "github"
      }
    },
    "doom-emacs": {
      "flake": false,
      "locked": {
        "lastModified": 1610564867,
        "narHash": "sha256-OUZnYJdXch4eKx3ug04q8oIj2DGEv3yVCHtLgSDijVg=",
        "owner": "hlissner",
        "repo": "doom-emacs",
        "rev": "b03fdabe4fa8a07a7bd74cd02d9413339a485253",
        "type": "github"
      },
      "original": {
        "owner": "hlissner",
        "ref": "develop",
        "repo": "doom-emacs",
        "type": "github"
      }
    },
    "doom-snippets": {
      "flake": false,
      "locked": {
        "lastModified": 1609713949,
        "narHash": "sha256-mthIKcR7l9Du32eoBj7PkcW/nKceNMAASjDVEmWsgNY=",
        "owner": "hlissner",
        "repo": "doom-snippets",
        "rev": "aa5587b8c9863fcbb34e21d518ce1947ba4aeb22",
        "type": "github"
      },
      "original": {
        "owner": "hlissner",
        "repo": "doom-snippets",
        "type": "github"
      }
    },
    "emacs-overlay": {
      "locked": {
        "lastModified": 1610627496,
        "narHash": "sha256-IfjPbqAGNzJ/kI0FwK5B/xScfMpgHgIjcaBxcO4DXeQ=",
        "owner": "nix-community",
        "repo": "emacs-overlay",
        "rev": "e4c5929ed37e39711505c9548d905dfd25d33cd3",
        "type": "github"
      },
      "original": {
        "owner": "nix-community",
        "repo": "emacs-overlay",
        "type": "github"
      }
    },
    "emacs-overlay_2": {
      "flake": false,
      "locked": {
        "lastModified": 1610627496,
        "narHash": "sha256-IfjPbqAGNzJ/kI0FwK5B/xScfMpgHgIjcaBxcO4DXeQ=",
        "owner": "nix-community",
        "repo": "emacs-overlay",
        "rev": "e4c5929ed37e39711505c9548d905dfd25d33cd3",
        "type": "github"
      },
      "original": {
        "owner": "nix-community",
        "repo": "emacs-overlay",
        "type": "github"
      }
    },
    "emacs-so-long": {
      "flake": false,
      "locked": {
        "lastModified": 1575031854,
        "narHash": "sha256-xIa5zO0ZaToDrec1OFjBK6l39AbA4l/CE4LInVu2hi0=",
        "owner": "hlissner",
        "repo": "emacs-so-long",
        "rev": "ed666b0716f60e8988c455804de24b55919e71ca",
        "type": "github"
      },
      "original": {
        "owner": "hlissner",
        "repo": "emacs-so-long",
        "type": "github"
      }
    },
    "evil-markdown": {
      "flake": false,
      "locked": {
        "lastModified": 1591038520,
        "narHash": "sha256-Kt2wxG1XCFowavVWtj0urM/yURKegonpZcxTy/+CrJY=",
        "owner": "Somelauw",
        "repo": "evil-markdown",
        "rev": "064fe9b4767470472356d20bdd08e2f30ebbc9ac",
        "type": "github"
      },
      "original": {
        "owner": "Somelauw",
        "repo": "evil-markdown",
        "type": "github"
      }
    },
    "evil-org-mode": {
      "flake": false,
      "locked": {
        "lastModified": 1607203864,
        "narHash": "sha256-JxwqVYDN6OIJEH15MVI6XOZAPtUWUhJQWHyzcrUvrFg=",
        "owner": "hlissner",
        "repo": "evil-org-mode",
        "rev": "a9706da260c45b98601bcd72b1d2c0a24a017700",
        "type": "github"
      },
      "original": {
        "owner": "hlissner",
        "repo": "evil-org-mode",
        "type": "github"
      }
    },
    "evil-quick-diff": {
      "flake": false,
      "locked": {
        "lastModified": 1575189609,
        "narHash": "sha256-oGzl1ayW9rIuq0haoiFS7RZsS8NFMdEA7K1BSozgnJU=",
        "owner": "rgrinberg",
        "repo": "evil-quick-diff",
        "rev": "69c883720b30a892c63bc89f49d4f0e8b8028908",
        "type": "github"
      },
      "original": {
        "owner": "rgrinberg",
        "repo": "evil-quick-diff",
        "type": "github"
      }
    },
    "explain-pause-mode": {
      "flake": false,
      "locked": {
        "lastModified": 1595842060,
        "narHash": "sha256-++znrjiDSx+cy4okFBBXUBkRFdtnE2x+trkmqjB3Njs=",
        "owner": "lastquestion",
        "repo": "explain-pause-mode",
        "rev": "2356c8c3639cbeeb9751744dbe737267849b4b51",
        "type": "github"
      },
      "original": {
        "owner": "lastquestion",
        "repo": "explain-pause-mode",
        "type": "github"
      }
    },
    "home-manager": {
      "inputs": {
        "nixpkgs": "nixpkgs_2"
      },
      "locked": {
        "lastModified": 1610228103,
        "narHash": "sha256-/AxI973as17VM6GXtFCLtH5c9FaNuKG2Kxu0IRihYBg=",
        "owner": "nix-community",
        "repo": "home-manager",
        "rev": "e8358125d98fc0128a02b7664f532447750fb930",
        "type": "github"
      },
      "original": {
        "owner": "nix-community",
        "ref": "master",
        "repo": "home-manager",
        "type": "github"
      }
    },
    "lowdown-src": {
      "flake": false,
      "locked": {
        "lastModified": 1598695561,
        "narHash": "sha256-gyH/5j+h/nWw0W8AcR2WKvNBUsiQ7QuxqSJNXAwV+8E=",
        "owner": "kristapsdz",
        "repo": "lowdown",
        "rev": "1705b4a26fbf065d9574dce47a94e8c7c79e052f",
        "type": "github"
      },
      "original": {
        "owner": "kristapsdz",
        "repo": "lowdown",
        "type": "github"
      }
    },
    "nix": {
      "inputs": {
        "lowdown-src": "lowdown-src",
        "nixpkgs": "nixpkgs_3"
      },
      "locked": {
        "lastModified": 1605199519,
        "narHash": "sha256-CTlDvrO3PxRnsi7ITvkQiclA+o7XiJ2/V1RwmJrMhOc=",
        "owner": "nixos",
        "repo": "nix",
        "rev": "258e5338d68c5d98090748bbbd49bd33a37c7954",
        "type": "github"
      },
      "original": {
        "owner": "nixos",
        "repo": "nix",
        "type": "github"
      }
    },
    "nix-doom-emacs": {
      "inputs": {
        "doom-emacs": "doom-emacs",
        "doom-snippets": "doom-snippets",
        "emacs-overlay": "emacs-overlay_2",
        "emacs-so-long": "emacs-so-long",
        "evil-markdown": "evil-markdown",
        "evil-org-mode": "evil-org-mode",
        "evil-quick-diff": "evil-quick-diff",
        "explain-pause-mode": "explain-pause-mode",
        "nix-straight.el": "nix-straight.el",
        "nose": "nose",
        "ob-racket": "ob-racket",
        "org-mode": "org-mode",
        "org-yt": "org-yt",
        "php-extras": "php-extras",
        "reveal.js": "reveal.js",
        "rotate-text.el": "rotate-text.el"
      },
      "locked": {
        "lastModified": 1610560126,
        "narHash": "sha256-VbgxvU9QnvGO/YTcwxd3JVUzUGt8oi3NVs4HneIHG9g=",
        "owner": "vlaci",
        "repo": "nix-doom-emacs",
        "rev": "feda6541ae7fbd7ce8d7f24a2d4b6dd268edcb0a",
        "type": "github"
      },
      "original": {
        "owner": "vlaci",
        "ref": "master",
        "repo": "nix-doom-emacs",
        "type": "github"
      }
    },
    "nix-straight.el": {
      "flake": false,
      "locked": {
        "lastModified": 1592852066,
        "narHash": "sha256-IwmBDtGv7GamiwCG+awZN6VgtHqJElkv/ic0VrVXAkI=",
        "owner": "vlaci",
        "repo": "nix-straight.el",
        "rev": "9e6f7d71760b997b09d9bd3046257bc9ec17265b",
        "type": "github"
      },
      "original": {
        "owner": "vlaci",
        "ref": "v2.1.0",
        "repo": "nix-straight.el",
        "type": "github"
      }
    },
    "nixos-hardware": {
      "locked": {
        "lastModified": 1604571579,
        "narHash": "sha256-3kQmLlKOlH742cZqeFd18JaKcuOBItAY2Pf6V9Q4tx4=",
        "owner": "NixOS",
        "repo": "nixos-hardware",
        "rev": "40ade7c0349d31e9f9722c7331de3c473f65dce0",
        "type": "github"
      },
      "original": {
        "owner": "NixOS",
        "ref": "master",
        "repo": "nixos-hardware",
        "type": "github"
      }
    },
    "nixpkgs": {
      "locked": {
        "lastModified": 1593360652,
        "narHash": "sha256-8dXbDWhLzgZfiQ+XZ2rtSnUAafFizeeXJa5fuF/9n4w=",
        "owner": "NixOS",
        "repo": "nixpkgs",
        "rev": "c5299e9d5bb18f1ebd817e0a4767103b9935f0ee",
        "type": "github"
      },
      "original": {
        "id": "nixpkgs",
        "ref": "release-20.03",
        "type": "indirect"
      }
    },
    "nixpkgs-local": {
      "locked": {
        "lastModified": 1605905424,
        "narHash": "sha256-oXEYQG7IXrfqQ6zWGyx/MvSE27GQcdTzGtcG00+Cz7I=",
        "owner": "pltanton",
        "repo": "nixpkgs",
        "rev": "80e40dd0a460093e43167eb29ca70ad8f11ceefc",
        "type": "github"
      },
      "original": {
        "owner": "pltanton",
        "ref": "master",
        "repo": "nixpkgs",
        "type": "github"
      }
    },
    "nixpkgs-master": {
      "locked": {
        "lastModified": 1608954749,
        "narHash": "sha256-16mAOaxVCf6/tJLJUQTJxf02ss4FWR1tuNQU7FYJCwE=",
        "owner": "nixos",
        "repo": "nixpkgs",
        "rev": "8a801d431937891960421cfef4cf864302bbb58e",
        "type": "github"
      },
      "original": {
        "owner": "nixos",
        "ref": "master",
        "repo": "nixpkgs",
        "type": "github"
      }
    },
    "nixpkgs-stable": {
      "locked": {
        "lastModified": 1609187327,
        "narHash": "sha256-6lCwWpGpZxbSYclryv4ixsxxbISe7HuLyyQnGWCC8ZQ=",
        "owner": "nixos",
        "repo": "nixpkgs",
        "rev": "e065200fc90175a8f6e50e76ef10a48786126e1c",
        "type": "github"
      },
      "original": {
        "owner": "nixos",
        "ref": "nixos-20.09",
        "repo": "nixpkgs",
        "type": "github"
      }
    },
    "nixpkgs-wayland": {
      "inputs": {
        "cachix": "cachix",
        "nixpkgs": "nixpkgs_5",
        "unstableSmall": "unstableSmall"
      },
      "locked": {
        "lastModified": 1609606997,
        "narHash": "sha256-ATFXdxA5M3hMGD3Y5Rmsoo6W0K0GvoS9M4tnaOOsNGk=",
        "owner": "colemickens",
        "repo": "nixpkgs-wayland",
        "rev": "e45615ccee85affcff83424db788a27f3c955773",
        "type": "github"
      },
      "original": {
        "owner": "colemickens",
        "repo": "nixpkgs-wayland",
        "type": "github"
      }
    },
    "nixpkgs_2": {
      "locked": {
        "lastModified": 1610298361,
        "narHash": "sha256-TDC+xKErrtjgciU4TusjLMs0Gwr3+lM4TqGPmqeOj7Q=",
        "owner": "NixOS",
        "repo": "nixpkgs",
        "rev": "fe0ee326e0537c1cc3368fc05884f4918da5c8cd",
        "type": "github"
      },
      "original": {
        "id": "nixpkgs",
        "type": "indirect"
      }
    },
    "nixpkgs_3": {
      "locked": {
        "lastModified": 1602702596,
        "narHash": "sha256-fqJ4UgOb4ZUnCDIapDb4gCrtAah5Rnr2/At3IzMitig=",
        "owner": "NixOS",
        "repo": "nixpkgs",
        "rev": "ad0d20345219790533ebe06571f82ed6b034db31",
        "type": "github"
      },
      "original": {
        "id": "nixpkgs",
        "ref": "nixos-20.09-small",
        "type": "indirect"
      }
    },
    "nixpkgs_4": {
      "locked": {
        "lastModified": 1610277507,
        "narHash": "sha256-xh/XcH1++RIXa6O/lT4y11ZGT3wQVr6GcseHpuZUaIY=",
        "owner": "nixos",
        "repo": "nixpkgs",
        "rev": "d25225b014a04031260d91a03329ea0bd73c2441",
        "type": "github"
      },
      "original": {
        "owner": "nixos",
        "ref": "nixpkgs-unstable",
        "repo": "nixpkgs",
        "type": "github"
      }
    },
    "nixpkgs_5": {
      "locked": {
        "lastModified": 1609254719,
        "narHash": "sha256-XB3391z8r81Bt8NfQzB+tYdTWoraY0QVdXM21JhfW+Y=",
        "owner": "nixos",
        "repo": "nixpkgs",
        "rev": "733e537a8ad76fd355b6f501127f7d0eb8861775",
        "type": "github"
      },
      "original": {
        "owner": "nixos",
        "ref": "nixos-unstable",
        "repo": "nixpkgs",
        "type": "github"
      }
    },
    "nixpkgs_6": {
      "locked": {
        "lastModified": 1599510591,
        "narHash": "sha256-rx6LLVncYqChBVVNopRY7tn59aP4qPqNjsAxt2X6/L8=",
        "owner": "nixos",
        "repo": "nixpkgs",
        "rev": "61525137fd1002f6f2a5eb0ea27d480713362cd5",
        "type": "github"
      },
      "original": {
        "owner": "nixos",
        "ref": "nixos-unstable",
        "repo": "nixpkgs",
        "type": "github"
      }
    },
    "nose": {
      "flake": false,
      "locked": {
        "lastModified": 1400604510,
        "narHash": "sha256-daEi8Kta1oGaDEmUUDDQMahTTPOpvNpDKk22rlr7cB0=",
        "owner": "emacsattic",
        "repo": "nose",
        "rev": "f8528297519eba911696c4e68fa88892de9a7b72",
        "type": "github"
      },
      "original": {
        "owner": "emacsattic",
        "repo": "nose",
        "type": "github"
      }
    },
    "nur": {
      "locked": {
        "lastModified": 1609643133,
        "narHash": "sha256-MeCqEu8+MDRI0URwFkR0EGXR/6EkOCagR6BOaHZRroA=",
        "owner": "nix-community",
        "repo": "NUR",
        "rev": "8939b6d4b78f6796467e692ca1e96ae9d2770564",
        "type": "github"
      },
      "original": {
        "owner": "nix-community",
        "repo": "NUR",
        "type": "github"
      }
    },
    "ob-racket": {
      "flake": false,
      "locked": {
        "lastModified": 1584656173,
        "narHash": "sha256-rBUYDDCXb+3D4xTPQo9UocbTPZ32kWV1Uya/1DmZknU=",
        "owner": "xchrishawk",
        "repo": "ob-racket",
        "rev": "83457ec9e1e96a29fd2086ed19432b9d75787673",
        "type": "github"
      },
      "original": {
        "owner": "xchrishawk",
        "repo": "ob-racket",
        "type": "github"
      }
    },
    "org-mode": {
      "flake": false,
      "locked": {
        "lastModified": 1605241682,
        "narHash": "sha256-8DEPQJlNhHFv4gYo7MMcvCdKT2SS6QW49Fnviiu3nj0=",
        "owner": "emacs-straight",
        "repo": "org-mode",
        "rev": "2a4578b103a9f5e70f50523cf6b28655a56c2cbe",
        "type": "github"
      },
      "original": {
        "owner": "emacs-straight",
        "repo": "org-mode",
        "type": "github"
      }
    },
    "org-yt": {
      "flake": false,
      "locked": {
        "lastModified": 1527381913,
        "narHash": "sha256-dzQ6B7ryzatHCTLyEnRSbWO0VUiX/FHYnpHTs74aVUs=",
        "owner": "TobiasZawada",
        "repo": "org-yt",
        "rev": "40cc1ac76d741055cbefa13860d9f070a7ade001",
        "type": "github"
      },
      "original": {
        "owner": "TobiasZawada",
        "repo": "org-yt",
        "type": "github"
      }
    },
    "php-extras": {
      "flake": false,
      "locked": {
        "lastModified": 1573312690,
        "narHash": "sha256-r4WyVbzvT0ra4Z6JywNBOw5RxOEYd6Qe2IpebHXkj1U=",
        "owner": "arnested",
        "repo": "php-extras",
        "rev": "d410c5af663c30c01d461ac476d1cbfbacb49367",
        "type": "github"
      },
      "original": {
        "owner": "arnested",
        "repo": "php-extras",
        "type": "github"
      }
    },
    "quizanus": {
      "inputs": {
        "nixpkgs": "nixpkgs_6"
      },
      "locked": {
        "lastModified": 1600144335,
        "narHash": "sha256-OqN/7b0IByuAb41s7X9eW+zdG/FvsuT6seIGfpb5mN8=",
        "ref": "master",
        "rev": "244df7eaef3555c2935d3ef92f580ca5bc79c550",
        "revCount": 1,
        "type": "git",
        "url": "ssh://gitea@gitea.kaliwe.ru/pltanton/quizanus.git"
      },
      "original": {
        "type": "git",
        "url": "ssh://gitea@gitea.kaliwe.ru/pltanton/quizanus.git"
      }
    },
    "reveal.js": {
      "flake": false,
      "locked": {
        "lastModified": 1602496264,
        "narHash": "sha256-oN77CUmmvrzObhQbORXAujjb+4IkiYbKVLsi7hddsIM=",
        "owner": "hakimel",
        "repo": "reveal.js",
        "rev": "0582f57517c97a4c7bfeb58762138c78883f94c5",
        "type": "github"
      },
      "original": {
        "owner": "hakimel",
        "repo": "reveal.js",
        "type": "github"
      }
    },
    "root": {
      "inputs": {
        "base16": "base16",
        "emacs-overlay": "emacs-overlay",
        "home-manager": "home-manager",
        "nix": "nix",
        "nix-doom-emacs": "nix-doom-emacs",
        "nixos-hardware": "nixos-hardware",
        "nixpkgs": "nixpkgs_4",
        "nixpkgs-local": "nixpkgs-local",
        "nixpkgs-master": "nixpkgs-master",
        "nixpkgs-stable": "nixpkgs-stable",
        "nixpkgs-wayland": "nixpkgs-wayland",
        "nur": "nur",
        "quizanus": "quizanus"
      }
    },
    "rotate-text.el": {
      "flake": false,
      "locked": {
        "lastModified": 1322962747,
        "narHash": "sha256-SOeOgSlcEIsKhUiYDJv0p+mLUb420s9E2BmvZQvZ0wk=",
        "owner": "debug-ito",
        "repo": "rotate-text.el",
        "rev": "48f193697db996855aee1ad2bc99b38c6646fe76",
        "type": "github"
      },
      "original": {
        "owner": "debug-ito",
        "repo": "rotate-text.el",
        "type": "github"
      }
    },
    "unstableSmall": {
      "locked": {
        "lastModified": 1609580981,
        "narHash": "sha256-esnPRxHdqKTdOJyEol3zOJ7/atfvNyKFW1IN+ejzhfI=",
        "owner": "nixos",
        "repo": "nixpkgs",
        "rev": "56bb1b0f7a33e5d487dc2bf2e846794f4dcb4d01",
        "type": "github"
      },
      "original": {
        "owner": "nixos",
        "ref": "nixos-unstable-small",
        "repo": "nixpkgs",
        "type": "github"
      }
    }
  },
  "root": "root",
  "version": 7
}
