{
  "nodes": {
    "base16": {
      "inputs": {
        "nixpkgs": "nixpkgs"
      },
      "locked": {
        "lastModified": 1597074767,
        "narHash": "sha256-WrctYb/drpAsxvBJLDbA+wPCEx9fVDoHHKTMnjVZ4ZU=",
        "owner": "alukardbf",
        "repo": "base16-nix",
        "rev": "d2a9a9a8cf652049f02bbd8671684d8a3e4fcc24",
        "type": "github"
      },
      "original": {
        "owner": "alukardbf",
        "repo": "base16-nix",
        "type": "github"
      }
    },
    "cachix": {
      "locked": {
        "lastModified": 1606667422,
        "narHash": "sha256-NhCeG6NpetMWkflygIn6vHipuxFbrKzlFScr8+PONYQ=",
        "owner": "nixos",
        "repo": "nixpkgs",
        "rev": "3c72bb875e67ad1bce805fe26a8a5d3a0e8078ed",
        "type": "github"
      },
      "original": {
        "owner": "nixos",
        "ref": "nixos-20.09",
        "repo": "nixpkgs",
        "type": "github"
      }
    },
    "doom-emacs": {
      "flake": false,
      "locked": {
        "lastModified": 1608023680,
        "narHash": "sha256-30/Cuyn6m1NISTdkBxBrskKO1RnwhU3f9MXn0OXbApw=",
        "owner": "hlissner",
        "repo": "doom-emacs",
        "rev": "0c9256411d6bdb6cfc920bcce2216d99ff28a0c5",
        "type": "github"
      },
      "original": {
        "owner": "hlissner",
        "ref": "develop",
        "repo": "doom-emacs",
        "type": "github"
      }
    },
    "doom-snippets": {
      "flake": false,
      "locked": {
        "lastModified": 1607912741,
        "narHash": "sha256-Dtq5lxRiasQNoOAdCES93zoLPFWFYsuUXTaRyWjSvso=",
        "owner": "hlissner",
        "repo": "doom-snippets",
        "rev": "02c64a8fc5bd1c5e06c161793bda9d0b0caa55d3",
        "type": "github"
      },
      "original": {
        "owner": "hlissner",
        "repo": "doom-snippets",
        "type": "github"
      }
    },
    "emacs-overlay": {
      "locked": {
        "lastModified": 1608970805,
        "narHash": "sha256-/1WM5myQWtNGsNJ3vRSjA6A4PhAu0rof0V7LAnRGNy8=",
        "owner": "nix-community",
        "repo": "emacs-overlay",
        "rev": "4c31781d45cfaf23f2d47d75223b8d9e75e1e1a6",
        "type": "github"
      },
      "original": {
        "owner": "nix-community",
        "repo": "emacs-overlay",
        "type": "github"
      }
    },
    "emacs-overlay_2": {
      "flake": false,
      "locked": {
        "lastModified": 1608956504,
        "narHash": "sha256-31Dd+wV2ZTZm0uPT9mpo5YNxYVMV2iXYPurJLZHo1l8=",
        "owner": "nix-community",
        "repo": "emacs-overlay",
        "rev": "753975a6243ed13cf7fbdbdbe01bb2458f9ae4d2",
        "type": "github"
      },
      "original": {
        "owner": "nix-community",
        "repo": "emacs-overlay",
        "type": "github"
      }
    },
    "emacs-so-long": {
      "flake": false,
      "locked": {
        "lastModified": 1575031854,
        "narHash": "sha256-xIa5zO0ZaToDrec1OFjBK6l39AbA4l/CE4LInVu2hi0=",
        "owner": "hlissner",
        "repo": "emacs-so-long",
        "rev": "ed666b0716f60e8988c455804de24b55919e71ca",
        "type": "github"
      },
      "original": {
        "owner": "hlissner",
        "repo": "emacs-so-long",
        "type": "github"
      }
    },
    "evil-markdown": {
      "flake": false,
      "locked": {
        "lastModified": 1591038520,
        "narHash": "sha256-Kt2wxG1XCFowavVWtj0urM/yURKegonpZcxTy/+CrJY=",
        "owner": "Somelauw",
        "repo": "evil-markdown",
        "rev": "064fe9b4767470472356d20bdd08e2f30ebbc9ac",
        "type": "github"
      },
      "original": {
        "owner": "Somelauw",
        "repo": "evil-markdown",
        "type": "github"
      }
    },
    "evil-org-mode": {
      "flake": false,
      "locked": {
        "lastModified": 1607203864,
        "narHash": "sha256-JxwqVYDN6OIJEH15MVI6XOZAPtUWUhJQWHyzcrUvrFg=",
        "owner": "hlissner",
        "repo": "evil-org-mode",
        "rev": "a9706da260c45b98601bcd72b1d2c0a24a017700",
        "type": "github"
      },
      "original": {
        "owner": "hlissner",
        "repo": "evil-org-mode",
        "type": "github"
      }
    },
    "evil-quick-diff": {
      "flake": false,
      "locked": {
        "lastModified": 1575189609,
        "narHash": "sha256-oGzl1ayW9rIuq0haoiFS7RZsS8NFMdEA7K1BSozgnJU=",
        "owner": "rgrinberg",
        "repo": "evil-quick-diff",
        "rev": "69c883720b30a892c63bc89f49d4f0e8b8028908",
        "type": "github"
      },
      "original": {
        "owner": "rgrinberg",
        "repo": "evil-quick-diff",
        "type": "github"
      }
    },
    "explain-pause-mode": {
      "flake": false,
      "locked": {
        "lastModified": 1595842060,
        "narHash": "sha256-++znrjiDSx+cy4okFBBXUBkRFdtnE2x+trkmqjB3Njs=",
        "owner": "lastquestion",
        "repo": "explain-pause-mode",
        "rev": "2356c8c3639cbeeb9751744dbe737267849b4b51",
        "type": "github"
      },
      "original": {
        "owner": "lastquestion",
        "repo": "explain-pause-mode",
        "type": "github"
      }
    },
    "home-manager": {
      "inputs": {
        "nixpkgs": "nixpkgs_2"
      },
      "locked": {
        "lastModified": 1604441492,
        "narHash": "sha256-Wo7WqdwNQnWHmhyZuhVLrAEpCuZl88cA9ttxkiCTekY=",
        "owner": "nix-community",
        "repo": "home-manager",
        "rev": "63f299b3347aea183fc5088e4d6c4a193b334a41",
        "type": "github"
      },
      "original": {
        "owner": "nix-community",
        "ref": "release-20.09",
        "repo": "home-manager",
        "type": "github"
      }
    },
    "lowdown-src": {
      "flake": false,
      "locked": {
        "lastModified": 1598695561,
        "narHash": "sha256-gyH/5j+h/nWw0W8AcR2WKvNBUsiQ7QuxqSJNXAwV+8E=",
        "owner": "kristapsdz",
        "repo": "lowdown",
        "rev": "1705b4a26fbf065d9574dce47a94e8c7c79e052f",
        "type": "github"
      },
      "original": {
        "owner": "kristapsdz",
        "repo": "lowdown",
        "type": "github"
      }
    },
    "nix": {
      "inputs": {
        "lowdown-src": "lowdown-src",
        "nixpkgs": "nixpkgs_3"
      },
      "locked": {
        "lastModified": 1605199519,
        "narHash": "sha256-CTlDvrO3PxRnsi7ITvkQiclA+o7XiJ2/V1RwmJrMhOc=",
        "owner": "nixos",
        "repo": "nix",
        "rev": "258e5338d68c5d98090748bbbd49bd33a37c7954",
        "type": "github"
      },
      "original": {
        "owner": "nixos",
        "repo": "nix",
        "type": "github"
      }
    },
    "nix-doom-emacs": {
      "inputs": {
        "doom-emacs": "doom-emacs",
        "doom-snippets": "doom-snippets",
        "emacs-overlay": "emacs-overlay_2",
        "emacs-so-long": "emacs-so-long",
        "evil-markdown": "evil-markdown",
        "evil-org-mode": "evil-org-mode",
        "evil-quick-diff": "evil-quick-diff",
        "explain-pause-mode": "explain-pause-mode",
        "nix-straight.el": "nix-straight.el",
        "nose": "nose",
        "ob-racket": "ob-racket",
        "org-mode": "org-mode",
        "org-yt": "org-yt",
        "php-extras": "php-extras",
        "reveal.js": "reveal.js",
        "rotate-text.el": "rotate-text.el"
      },
      "locked": {
        "lastModified": 1608672037,
        "narHash": "sha256-f1JgBGdjRbDvFnyXew2VpKB6mgixQDdPpX4PdCXmH9A=",
        "owner": "vlaci",
        "repo": "nix-doom-emacs",
        "rev": "bc7596f5ee83c9fae64f21b1da2210f84ef83217",
        "type": "github"
      },
      "original": {
        "owner": "vlaci",
        "ref": "master",
        "repo": "nix-doom-emacs",
        "type": "github"
      }
    },
    "nix-straight.el": {
      "flake": false,
      "locked": {
        "lastModified": 1592852066,
        "narHash": "sha256-IwmBDtGv7GamiwCG+awZN6VgtHqJElkv/ic0VrVXAkI=",
        "owner": "vlaci",
        "repo": "nix-straight.el",
        "rev": "9e6f7d71760b997b09d9bd3046257bc9ec17265b",
        "type": "github"
      },
      "original": {
        "owner": "vlaci",
        "ref": "v2.1.0",
        "repo": "nix-straight.el",
        "type": "github"
      }
    },
    "nixos-hardware": {
      "locked": {
        "lastModified": 1604571579,
        "narHash": "sha256-3kQmLlKOlH742cZqeFd18JaKcuOBItAY2Pf6V9Q4tx4=",
        "owner": "NixOS",
        "repo": "nixos-hardware",
        "rev": "40ade7c0349d31e9f9722c7331de3c473f65dce0",
        "type": "github"
      },
      "original": {
        "owner": "NixOS",
        "ref": "master",
        "repo": "nixos-hardware",
        "type": "github"
      }
    },
    "nixpkgs": {
      "locked": {
        "lastModified": 1593360652,
        "narHash": "sha256-8dXbDWhLzgZfiQ+XZ2rtSnUAafFizeeXJa5fuF/9n4w=",
        "owner": "NixOS",
        "repo": "nixpkgs",
        "rev": "c5299e9d5bb18f1ebd817e0a4767103b9935f0ee",
        "type": "github"
      },
      "original": {
        "id": "nixpkgs",
        "ref": "release-20.03",
        "type": "indirect"
      }
    },
    "nixpkgs-local": {
      "locked": {
        "lastModified": 1605905424,
        "narHash": "sha256-oXEYQG7IXrfqQ6zWGyx/MvSE27GQcdTzGtcG00+Cz7I=",
        "owner": "pltanton",
        "repo": "nixpkgs",
        "rev": "80e40dd0a460093e43167eb29ca70ad8f11ceefc",
        "type": "github"
      },
      "original": {
        "owner": "pltanton",
        "ref": "master",
        "repo": "nixpkgs",
        "type": "github"
      }
    },
    "nixpkgs-master": {
      "locked": {
        "lastModified": 1608954749,
        "narHash": "sha256-16mAOaxVCf6/tJLJUQTJxf02ss4FWR1tuNQU7FYJCwE=",
        "owner": "nixos",
        "repo": "nixpkgs",
        "rev": "8a801d431937891960421cfef4cf864302bbb58e",
        "type": "github"
      },
      "original": {
        "owner": "nixos",
        "ref": "master",
        "repo": "nixpkgs",
        "type": "github"
      }
    },
    "nixpkgs-stable": {
      "locked": {
        "lastModified": 1605456368,
        "narHash": "sha256-diRkanMtpGV9NgQY2SJsA2HWehNVLM9Jz0jchtZrcKY=",
        "owner": "nixos",
        "repo": "nixpkgs",
        "rev": "98e46cec92fb877abaee7ed8f78cee722fd58a7e",
        "type": "github"
      },
      "original": {
        "owner": "nixos",
        "ref": "nixos-20.09",
        "repo": "nixpkgs",
        "type": "github"
      }
    },
    "nixpkgs-wayland": {
      "inputs": {
        "cachix": "cachix",
        "nixpkgs": "nixpkgs_5",
        "unstableSmall": "unstableSmall"
      },
      "locked": {
        "lastModified": 1606730938,
        "narHash": "sha256-KUYZOvvGPlblUud3hKwyWvxBY7eD8ZFxGOS6PSHobB0=",
        "owner": "colemickens",
        "repo": "nixpkgs-wayland",
        "rev": "aafac875d55e0db5f30aeaedc6f157e197f193c8",
        "type": "github"
      },
      "original": {
        "owner": "colemickens",
        "repo": "nixpkgs-wayland",
        "type": "github"
      }
    },
    "nixpkgs_2": {
      "locked": {
        "lastModified": 1607122572,
        "narHash": "sha256-YjGgR+N21p35aJv6P1SpZMJpOMA/1usa8/PscV/UY94=",
        "owner": "NixOS",
        "repo": "nixpkgs",
        "rev": "0cc6e0a4106f3fc1cc0b765ab0f17b697c3d910d",
        "type": "github"
      },
      "original": {
        "id": "nixpkgs",
        "type": "indirect"
      }
    },
    "nixpkgs_3": {
      "locked": {
        "lastModified": 1602702596,
        "narHash": "sha256-fqJ4UgOb4ZUnCDIapDb4gCrtAah5Rnr2/At3IzMitig=",
        "owner": "NixOS",
        "repo": "nixpkgs",
        "rev": "ad0d20345219790533ebe06571f82ed6b034db31",
        "type": "github"
      },
      "original": {
        "id": "nixpkgs",
        "ref": "nixos-20.09-small",
        "type": "indirect"
      }
    },
    "nixpkgs_4": {
      "locked": {
        "lastModified": 1608723372,
        "narHash": "sha256-XoCD827n1+bBPVxjKFmAikh7KSIspj9BBj2vnWhtTC4=",
        "owner": "nixos",
        "repo": "nixpkgs",
        "rev": "b67ba0bfcc714453cdeb8d713e35751eb8b4c8f4",
        "type": "github"
      },
      "original": {
        "owner": "nixos",
        "ref": "nixpkgs-unstable",
        "repo": "nixpkgs",
        "type": "github"
      }
    },
    "nixpkgs_5": {
      "locked": {
        "lastModified": 1606655114,
        "narHash": "sha256-sCOycaZWoucJ15RTE31YkNnxAOUWgVO/i/0a9DkACxE=",
        "owner": "nixos",
        "repo": "nixpkgs",
        "rev": "8ee7c2505f9e7019aa69c8a6313e5f2d32a69f27",
        "type": "github"
      },
      "original": {
        "owner": "nixos",
        "ref": "nixos-unstable",
        "repo": "nixpkgs",
        "type": "github"
      }
    },
    "nixpkgs_6": {
      "locked": {
        "lastModified": 1599510591,
        "narHash": "sha256-rx6LLVncYqChBVVNopRY7tn59aP4qPqNjsAxt2X6/L8=",
        "owner": "nixos",
        "repo": "nixpkgs",
        "rev": "61525137fd1002f6f2a5eb0ea27d480713362cd5",
        "type": "github"
      },
      "original": {
        "owner": "nixos",
        "ref": "nixos-unstable",
        "repo": "nixpkgs",
        "type": "github"
      }
    },
    "nose": {
      "flake": false,
      "locked": {
        "lastModified": 1400604510,
        "narHash": "sha256-daEi8Kta1oGaDEmUUDDQMahTTPOpvNpDKk22rlr7cB0=",
        "owner": "emacsattic",
        "repo": "nose",
        "rev": "f8528297519eba911696c4e68fa88892de9a7b72",
        "type": "github"
      },
      "original": {
        "owner": "emacsattic",
        "repo": "nose",
        "type": "github"
      }
    },
    "nur": {
      "locked": {
        "lastModified": 1605512976,
        "narHash": "sha256-pUdiTC2N7hl3DvL6Z52lrFbB3sCnLbjs0wavQt6M7jA=",
        "owner": "nix-community",
        "repo": "NUR",
        "rev": "e8cbdb690b8b74deaf80753f9bd04beceb719b1e",
        "type": "github"
      },
      "original": {
        "owner": "nix-community",
        "repo": "NUR",
        "type": "github"
      }
    },
    "ob-racket": {
      "flake": false,
      "locked": {
        "lastModified": 1584656173,
        "narHash": "sha256-rBUYDDCXb+3D4xTPQo9UocbTPZ32kWV1Uya/1DmZknU=",
        "owner": "xchrishawk",
        "repo": "ob-racket",
        "rev": "83457ec9e1e96a29fd2086ed19432b9d75787673",
        "type": "github"
      },
      "original": {
        "owner": "xchrishawk",
        "repo": "ob-racket",
        "type": "github"
      }
    },
    "org-mode": {
      "flake": false,
      "locked": {
        "lastModified": 1608187095,
        "narHash": "sha256-u+vHw1hCptRMNfj3tMNUHQ4Ek35Gc0sSkhBjzNCLJeM=",
        "owner": "emacs-straight",
        "repo": "org-mode",
        "rev": "6b83c6e4eaec4af47a90d05c3410d4637d8cb8da",
        "type": "github"
      },
      "original": {
        "owner": "emacs-straight",
        "repo": "org-mode",
        "type": "github"
      }
    },
    "org-yt": {
      "flake": false,
      "locked": {
        "lastModified": 1527381913,
        "narHash": "sha256-dzQ6B7ryzatHCTLyEnRSbWO0VUiX/FHYnpHTs74aVUs=",
        "owner": "TobiasZawada",
        "repo": "org-yt",
        "rev": "40cc1ac76d741055cbefa13860d9f070a7ade001",
        "type": "github"
      },
      "original": {
        "owner": "TobiasZawada",
        "repo": "org-yt",
        "type": "github"
      }
    },
    "php-extras": {
      "flake": false,
      "locked": {
        "lastModified": 1573312690,
        "narHash": "sha256-r4WyVbzvT0ra4Z6JywNBOw5RxOEYd6Qe2IpebHXkj1U=",
        "owner": "arnested",
        "repo": "php-extras",
        "rev": "d410c5af663c30c01d461ac476d1cbfbacb49367",
        "type": "github"
      },
      "original": {
        "owner": "arnested",
        "repo": "php-extras",
        "type": "github"
      }
    },
    "quizanus": {
      "inputs": {
        "nixpkgs": "nixpkgs_6"
      },
      "locked": {
        "lastModified": 1600144335,
        "narHash": "sha256-OqN/7b0IByuAb41s7X9eW+zdG/FvsuT6seIGfpb5mN8=",
        "ref": "master",
        "rev": "244df7eaef3555c2935d3ef92f580ca5bc79c550",
        "revCount": 1,
        "type": "git",
        "url": "ssh://gitea@gitea.kaliwe.ru/pltanton/quizanus.git"
      },
      "original": {
        "type": "git",
        "url": "ssh://gitea@gitea.kaliwe.ru/pltanton/quizanus.git"
      }
    },
    "reveal.js": {
      "flake": false,
      "locked": {
        "lastModified": 1602496264,
        "narHash": "sha256-oN77CUmmvrzObhQbORXAujjb+4IkiYbKVLsi7hddsIM=",
        "owner": "hakimel",
        "repo": "reveal.js",
        "rev": "0582f57517c97a4c7bfeb58762138c78883f94c5",
        "type": "github"
      },
      "original": {
        "owner": "hakimel",
        "repo": "reveal.js",
        "type": "github"
      }
    },
    "root": {
      "inputs": {
        "base16": "base16",
        "emacs-overlay": "emacs-overlay",
        "home-manager": "home-manager",
        "nix": "nix",
        "nix-doom-emacs": "nix-doom-emacs",
        "nixos-hardware": "nixos-hardware",
        "nixpkgs": "nixpkgs_4",
        "nixpkgs-local": "nixpkgs-local",
        "nixpkgs-master": "nixpkgs-master",
        "nixpkgs-stable": "nixpkgs-stable",
        "nixpkgs-wayland": "nixpkgs-wayland",
        "nur": "nur",
        "quizanus": "quizanus"
      }
    },
    "rotate-text.el": {
      "flake": false,
      "locked": {
        "lastModified": 1322962747,
        "narHash": "sha256-SOeOgSlcEIsKhUiYDJv0p+mLUb420s9E2BmvZQvZ0wk=",
        "owner": "debug-ito",
        "repo": "rotate-text.el",
        "rev": "48f193697db996855aee1ad2bc99b38c6646fe76",
        "type": "github"
      },
      "original": {
        "owner": "debug-ito",
        "repo": "rotate-text.el",
        "type": "github"
      }
    },
    "unstableSmall": {
      "locked": {
        "lastModified": 1606681687,
        "narHash": "sha256-hY9Dq8fIK/sDmLgXzhoQnqvwEV2jK2Yv6anjJBeAfZs=",
        "owner": "nixos",
        "repo": "nixpkgs",
        "rev": "752b6a95db93f03d6901304f760bd452b4b7db41",
        "type": "github"
      },
      "original": {
        "owner": "nixos",
        "ref": "nixos-unstable-small",
        "repo": "nixpkgs",
        "type": "github"
      }
    }
  },
  "root": "root",
  "version": 7
}
