{
  "nodes": {
    "activate-linux": {
      "inputs": {
        "nixpkgs": [
          "nixpkgs"
        ],
        "utils": "utils"
      },
      "locked": {
        "lastModified": 1728405649,
        "narHash": "sha256-Ski9d0DrfiH6tl7TY6EMS1PRT9ay2s7xbXy2prhy0Uk=",
        "owner": "Kljunas2",
        "repo": "activate-linux",
        "rev": "978d53de9a2cde0f608de1554c34c7dd090e01a4",
        "type": "github"
      },
      "original": {
        "owner": "Kljunas2",
        "repo": "activate-linux",
        "type": "github"
      }
    },
    "aquamarine": {
      "inputs": {
        "hyprutils": [
          "hyprshutdown",
          "hyprutils"
        ],
        "hyprwayland-scanner": "hyprwayland-scanner",
        "nixpkgs": [
          "hyprshutdown",
          "nixpkgs"
        ],
        "systems": [
          "hyprshutdown",
          "systems"
        ]
      },
      "locked": {
        "lastModified": 1764714051,
        "narHash": "sha256-AjcMlM3UoavFoLzr0YrcvsIxALShjyvwe+o7ikibpCM=",
        "owner": "hyprwm",
        "repo": "aquamarine",
        "rev": "a43bedcceced5c21ad36578ed823e6099af78214",
        "type": "github"
      },
      "original": {
        "owner": "hyprwm",
        "repo": "aquamarine",
        "type": "github"
      }
    },
    "autobrowser": {
      "inputs": {
        "flakelight": "flakelight"
      },
      "locked": {
        "lastModified": 1756333389,
        "narHash": "sha256-3hroz9hZbAKX6S8to2hE0VxNm5TCVcnzSyWx3QCmLxU=",
        "owner": "pltanton",
        "repo": "autobrowser",
        "rev": "64eb1faa0dcc27ca20b548fa17204b7fe626de38",
        "type": "github"
      },
      "original": {
        "owner": "pltanton",
        "repo": "autobrowser",
        "type": "github"
      }
    },
    "base16-rofi": {
      "flake": false,
      "locked": {
        "lastModified": 1768699184,
        "narHash": "sha256-gP+lDwuK+s7R7ikk8LiYdDf1xoWZuOB8bI9ohOpuSfw=",
        "owner": "tinted-theming",
        "repo": "base16-rofi",
        "rev": "a0d622475e0085d67af7cc7669e3572a0b866d11",
        "type": "github"
      },
      "original": {
        "owner": "tinted-theming",
        "repo": "base16-rofi",
        "type": "github"
      }
    },
    "base16-schemes": {
      "flake": false,
      "locked": {
        "lastModified": 1702718998,
        "narHash": "sha256-VTczZi1C4WSzejpTFbneMonAdarRLtDnFehVxWs6ad0=",
        "owner": "tinted-theming",
        "repo": "base16-schemes",
        "rev": "2b6f2d0677216ddda50c9cabd6ee70fae4665f81",
        "type": "github"
      },
      "original": {
        "owner": "tinted-theming",
        "repo": "base16-schemes",
        "type": "github"
      }
    },
    "catppuccin": {
      "inputs": {
        "nixpkgs": "nixpkgs_2"
      },
      "locked": {
        "lastModified": 1770388745,
        "narHash": "sha256-tmAONUMNHnlkozNcMR1kZJ/68OGea5wS56vl6vaUS5U=",
        "owner": "catppuccin",
        "repo": "nix",
        "rev": "5e9efb97caeffea3bf248023b6d8b68e63b839b9",
        "type": "github"
      },
      "original": {
        "owner": "catppuccin",
        "repo": "nix",
        "type": "github"
      }
    },
    "catppuccin-zen": {
      "flake": false,
      "locked": {
        "lastModified": 1759018582,
        "narHash": "sha256-5A57Lyctq497SSph7B+ucuEyF1gGVTsuI3zuBItGfg4=",
        "owner": "catppuccin",
        "repo": "zen-browser",
        "rev": "c855685442c6040c4dda9c8d3ddc7b708de1cbaa",
        "type": "github"
      },
      "original": {
        "owner": "catppuccin",
        "repo": "zen-browser",
        "type": "github"
      }
    },
    "ccsync": {
      "flake": false,
      "locked": {
        "lastModified": 1770384694,
        "narHash": "sha256-g/JMS9iGgl5zCKYey+4bL7NWeiOGjzfXT+XkdQD3CL0=",
        "owner": "CCExtractor",
        "repo": "ccsync",
        "rev": "c5b0bb8a1d8a3cce160ed0a14e17e710611cbc3f",
        "type": "github"
      },
      "original": {
        "owner": "CCExtractor",
        "repo": "ccsync",
        "type": "github"
      }
    },
    "ddcsync": {
      "inputs": {
        "nixpkgs": [
          "nixpkgs"
        ]
      },
      "locked": {
        "lastModified": 1712441866,
        "narHash": "sha256-S4CK6CZco7A8fS8cMmHDg4A7bfel3qmEd9SSY1B9FqU=",
        "owner": "pltanton",
        "repo": "ddcsync",
        "rev": "909985b6fe4df1f45ee2871d9cdda53d95ee1e32",
        "type": "github"
      },
      "original": {
        "owner": "pltanton",
        "repo": "ddcsync",
        "type": "github"
      }
    },
    "firefly-iii-boc-fixer": {
      "inputs": {
        "flakelight": "flakelight_2",
        "nixpkgs": "nixpkgs_4"
      },
      "locked": {
        "lastModified": 1729672209,
        "narHash": "sha256-ykcWRxuN7ocpDyLqr7qY+KLhftIWBfo33bymyU3Gv/U=",
        "owner": "pltanton",
        "repo": "firefly-iii-boc-fixer",
        "rev": "2bcaffae33382b538219e7f9bd22924fdbd6c95b",
        "type": "github"
      },
      "original": {
        "owner": "pltanton",
        "repo": "firefly-iii-boc-fixer",
        "type": "github"
      }
    },
    "fish-async-prompt-plugin": {
      "flake": false,
      "locked": {
        "lastModified": 1767614852,
        "narHash": "sha256-HWW9191RP//48HkAHOZ7kAAAPSBKZ+BW2FfCZB36Y+g=",
        "owner": "acomagu",
        "repo": "fish-async-prompt",
        "rev": "b90e8a8c6d1634d8f04f1532b164b99530445159",
        "type": "github"
      },
      "original": {
        "owner": "acomagu",
        "repo": "fish-async-prompt",
        "type": "github"
      }
    },
    "fish-colored-man-plugin": {
      "flake": false,
      "locked": {
        "lastModified": 1626408713,
        "narHash": "sha256-uoZ4eSFbZlsRfISIkJQp24qPUNqxeD0JbRb/gVdRYlA=",
        "owner": "decors",
        "repo": "fish-colored-man",
        "rev": "1ad8fff696d48c8bf173aa98f9dff39d7916de0e",
        "type": "github"
      },
      "original": {
        "owner": "decors",
        "repo": "fish-colored-man",
        "type": "github"
      }
    },
    "fish-grc": {
      "flake": false,
      "locked": {
        "lastModified": 1653372102,
        "narHash": "sha256-NQa12L0zlEz2EJjMDhWUhw5cz/zcFokjuCK5ZofTn+Q=",
        "owner": "oh-my-fish",
        "repo": "plugin-grc",
        "rev": "61de7a8a0d7bda3234f8703d6e07c671992eb079",
        "type": "github"
      },
      "original": {
        "owner": "oh-my-fish",
        "repo": "plugin-grc",
        "type": "github"
      }
    },
    "flake-parts": {
      "inputs": {
        "nixpkgs-lib": [
          "nur",
          "nixpkgs"
        ]
      },
      "locked": {
        "lastModified": 1733312601,
        "narHash": "sha256-4pDvzqnegAfRkPwO3wmwBhVi/Sye1mzps0zHWYnP88c=",
        "owner": "hercules-ci",
        "repo": "flake-parts",
        "rev": "205b12d8b7cd4802fbcb8e8ef6a0f1408781a4f9",
        "type": "github"
      },
      "original": {
        "owner": "hercules-ci",
        "repo": "flake-parts",
        "type": "github"
      }
    },
    "flake-utils": {
      "inputs": {
        "systems": "systems"
      },
      "locked": {
        "lastModified": 1731533236,
        "narHash": "sha256-l0KFg5HjrsfsO/JpG+r7fRrqm12kzFHyUHqHCVpMMbI=",
        "owner": "numtide",
        "repo": "flake-utils",
        "rev": "11707dc2f618dd54ca8739b309ec4fc024de578b",
        "type": "github"
      },
      "original": {
        "owner": "numtide",
        "repo": "flake-utils",
        "type": "github"
      }
    },
    "flake-utils_2": {
      "inputs": {
        "systems": "systems_3"
      },
      "locked": {
        "lastModified": 1731533236,
        "narHash": "sha256-l0KFg5HjrsfsO/JpG+r7fRrqm12kzFHyUHqHCVpMMbI=",
        "owner": "numtide",
        "repo": "flake-utils",
        "rev": "11707dc2f618dd54ca8739b309ec4fc024de578b",
        "type": "github"
      },
      "original": {
        "owner": "numtide",
        "repo": "flake-utils",
        "type": "github"
      }
    },
    "flake-utils_3": {
      "inputs": {
        "systems": "systems_5"
      },
      "locked": {
        "lastModified": 1731533236,
        "narHash": "sha256-l0KFg5HjrsfsO/JpG+r7fRrqm12kzFHyUHqHCVpMMbI=",
        "owner": "numtide",
        "repo": "flake-utils",
        "rev": "11707dc2f618dd54ca8739b309ec4fc024de578b",
        "type": "github"
      },
      "original": {
        "owner": "numtide",
        "repo": "flake-utils",
        "type": "github"
      }
    },
    "flakelight": {
      "inputs": {
        "nixpkgs": "nixpkgs"
      },
      "locked": {
        "lastModified": 1756126213,
        "narHash": "sha256-iSmyMn8r5NJfTWEsp6R/5jmMHrVLnQ/icebYfNP5QnQ=",
        "owner": "nix-community",
        "repo": "flakelight",
        "rev": "4415f8e61c770441f01a5b2550da5815aeebe144",
        "type": "github"
      },
      "original": {
        "owner": "nix-community",
        "repo": "flakelight",
        "type": "github"
      }
    },
    "flakelight-darwin": {
      "inputs": {
        "flakelight": "flakelight_4",
        "nix-darwin": "nix-darwin"
      },
      "locked": {
        "lastModified": 1725969919,
        "narHash": "sha256-2vit931wouI3W87ZjJe2WLRHRvOjwJpgOpSsvNJk03Y=",
        "owner": "cmacrae",
        "repo": "flakelight-darwin",
        "rev": "3e211e1cf6e4b08e1669dd96db911809c027f273",
        "type": "github"
      },
      "original": {
        "owner": "cmacrae",
        "repo": "flakelight-darwin",
        "type": "github"
      }
    },
    "flakelight_2": {
      "inputs": {
        "nixpkgs": "nixpkgs_3"
      },
      "locked": {
        "lastModified": 1728304882,
        "narHash": "sha256-ZRCvYIEvYovJyamsaEufEYKHtAvQNakssWm2deFUnwg=",
        "owner": "nix-community",
        "repo": "flakelight",
        "rev": "d071005fcea1208405d9d5e31c35640e50c2e863",
        "type": "github"
      },
      "original": {
        "owner": "nix-community",
        "repo": "flakelight",
        "type": "github"
      }
    },
    "flakelight_3": {
      "inputs": {
        "nixpkgs": "nixpkgs_5"
      },
      "locked": {
        "lastModified": 1770037869,
        "narHash": "sha256-ydw7wUkviUdv7J7YweFp6kxXl24QJgJ1+NC5S02gkz0=",
        "owner": "nix-community",
        "repo": "flakelight",
        "rev": "49027dc3f2426de7cb2a6e29a13bbdd824f9b73a",
        "type": "github"
      },
      "original": {
        "owner": "nix-community",
        "repo": "flakelight",
        "type": "github"
      }
    },
    "flakelight_4": {
      "inputs": {
        "nixpkgs": "nixpkgs_6"
      },
      "locked": {
        "lastModified": 1725885544,
        "narHash": "sha256-+ZS8LfVQgrHG67I14ao9BBREKoJOMNXXjEC8s99p4gg=",
        "owner": "nix-community",
        "repo": "flakelight",
        "rev": "44f8d0f5ea21cca24bca5fb5141d8ef1efe24109",
        "type": "github"
      },
      "original": {
        "owner": "nix-community",
        "repo": "flakelight",
        "type": "github"
      }
    },
    "home-manager": {
      "inputs": {
        "nixpkgs": [
          "nixpkgs"
        ]
      },
      "locked": {
        "lastModified": 1770476834,
        "narHash": "sha256-cyxgVsNfHnJ4Zn6G1EOzfTXbjTy7Ds9zMOsZaX7VZWs=",
        "owner": "nix-community",
        "repo": "home-manager",
        "rev": "6cee0821577643e0b34e2c5d9a90d0b1b5cdca70",
        "type": "github"
      },
      "original": {
        "owner": "nix-community",
        "ref": "master",
        "repo": "home-manager",
        "type": "github"
      }
    },
    "home-manager_2": {
      "inputs": {
        "nixpkgs": [
          "zen-browser",
          "nixpkgs"
        ]
      },
      "locked": {
        "lastModified": 1769872935,
        "narHash": "sha256-07HMIGQ/WJeAQJooA7Kkg1SDKxhAiV6eodvOwTX6WKI=",
        "owner": "nix-community",
        "repo": "home-manager",
        "rev": "f4ad5068ee8e89e4a7c2e963e10dd35cd77b37b7",
        "type": "github"
      },
      "original": {
        "owner": "nix-community",
        "repo": "home-manager",
        "type": "github"
      }
    },
    "hyprdynamicmonitors": {
      "inputs": {
        "flake-utils": "flake-utils",
        "nixpkgs": "nixpkgs_7"
      },
      "locked": {
        "lastModified": 1770063063,
        "narHash": "sha256-/wTzLGt91bstSqhi8MMcRTVx4L0YEHkhnVBZarQo4BA=",
        "owner": "fiffeek",
        "repo": "hyprdynamicmonitors",
        "rev": "ce4292c0b136c7933eaf3b79ac72e659d81323cb",
        "type": "github"
      },
      "original": {
        "owner": "fiffeek",
        "repo": "hyprdynamicmonitors",
        "type": "github"
      }
    },
    "hyprgraphics": {
      "inputs": {
        "hyprutils": [
          "hyprshutdown",
          "hyprutils"
        ],
        "nixpkgs": [
          "hyprshutdown",
          "nixpkgs"
        ],
        "systems": [
          "hyprshutdown",
          "systems"
        ]
      },
      "locked": {
        "lastModified": 1763733840,
        "narHash": "sha256-JnET78yl5RvpGuDQy3rCycOCkiKoLr5DN1fPhRNNMco=",
        "owner": "hyprwm",
        "repo": "hyprgraphics",
        "rev": "8f1bec691b2d198c60cccabca7a94add2df4ed1a",
        "type": "github"
      },
      "original": {
        "owner": "hyprwm",
        "repo": "hyprgraphics",
        "type": "github"
      }
    },
    "hyprlang": {
      "inputs": {
        "hyprutils": [
          "hyprshutdown",
          "hyprtoolkit",
          "hyprutils"
        ],
        "nixpkgs": [
          "hyprshutdown",
          "hyprtoolkit",
          "nixpkgs"
        ],
        "systems": [
          "hyprshutdown",
          "hyprtoolkit",
          "systems"
        ]
      },
      "locked": {
        "lastModified": 1758927902,
        "narHash": "sha256-LZgMds7M94+vuMql2bERQ6LiFFdhgsEFezE4Vn+Ys3A=",
        "owner": "hyprwm",
        "repo": "hyprlang",
        "rev": "4dafa28d4f79877d67a7d1a654cddccf8ebf15da",
        "type": "github"
      },
      "original": {
        "owner": "hyprwm",
        "repo": "hyprlang",
        "type": "github"
      }
    },
    "hyprshutdown": {
      "inputs": {
        "aquamarine": "aquamarine",
        "hyprgraphics": "hyprgraphics",
        "hyprtoolkit": "hyprtoolkit",
        "hyprutils": "hyprutils",
        "nixpkgs": [
          "nixpkgs"
        ],
        "systems": "systems_2"
      },
      "locked": {
        "lastModified": 1770055674,
        "narHash": "sha256-MU88AKAobzoHDw0ZpVphm1HhniX/6tnViTNeC3qLCAs=",
        "owner": "hyprwm",
        "repo": "hyprshutdown",
        "rev": "898d2ae115727ca8c1aa247c352f93b5cf33aa05",
        "type": "github"
      },
      "original": {
        "owner": "hyprwm",
        "repo": "hyprshutdown",
        "type": "github"
      }
    },
    "hyprtoolkit": {
      "inputs": {
        "aquamarine": [
          "hyprshutdown",
          "aquamarine"
        ],
        "hyprgraphics": [
          "hyprshutdown",
          "hyprgraphics"
        ],
        "hyprlang": "hyprlang",
        "hyprutils": [
          "hyprshutdown",
          "hyprutils"
        ],
        "hyprwayland-scanner": "hyprwayland-scanner_2",
        "nixpkgs": [
          "hyprshutdown",
          "nixpkgs"
        ],
        "systems": [
          "hyprshutdown",
          "systems"
        ]
      },
      "locked": {
        "lastModified": 1764810995,
        "narHash": "sha256-M3qeUrgHNNlRNyvs7DPXjEUuPz9kZDOjZGEqWPQQXL0=",
        "owner": "hyprwm",
        "repo": "hyprtoolkit",
        "rev": "de9f23986cee6d3ce01fb0b5978234663c841157",
        "type": "github"
      },
      "original": {
        "owner": "hyprwm",
        "repo": "hyprtoolkit",
        "type": "github"
      }
    },
    "hyprutils": {
      "inputs": {
        "nixpkgs": [
          "hyprshutdown",
          "nixpkgs"
        ],
        "systems": [
          "hyprshutdown",
          "systems"
        ]
      },
      "locked": {
        "lastModified": 1764962281,
        "narHash": "sha256-rGbEMhTTyTzw4iyz45lch5kXseqnqcEpmrHdy+zHsfo=",
        "owner": "hyprwm",
        "repo": "hyprutils",
        "rev": "fe686486ac867a1a24f99c753bb40ffed338e4b0",
        "type": "github"
      },
      "original": {
        "owner": "hyprwm",
        "repo": "hyprutils",
        "type": "github"
      }
    },
    "hyprwayland-scanner": {
      "inputs": {
        "nixpkgs": [
          "hyprshutdown",
          "aquamarine",
          "nixpkgs"
        ],
        "systems": [
          "hyprshutdown",
          "aquamarine",
          "systems"
        ]
      },
      "locked": {
        "lastModified": 1751897909,
        "narHash": "sha256-FnhBENxihITZldThvbO7883PdXC/2dzW4eiNvtoV5Ao=",
        "owner": "hyprwm",
        "repo": "hyprwayland-scanner",
        "rev": "fcca0c61f988a9d092cbb33e906775014c61579d",
        "type": "github"
      },
      "original": {
        "owner": "hyprwm",
        "repo": "hyprwayland-scanner",
        "type": "github"
      }
    },
    "hyprwayland-scanner_2": {
      "inputs": {
        "nixpkgs": [
          "hyprshutdown",
          "hyprtoolkit",
          "nixpkgs"
        ],
        "systems": [
          "hyprshutdown",
          "hyprtoolkit",
          "systems"
        ]
      },
      "locked": {
        "lastModified": 1755184602,
        "narHash": "sha256-RCBQN8xuADB0LEgaKbfRqwm6CdyopE1xIEhNc67FAbw=",
        "owner": "hyprwm",
        "repo": "hyprwayland-scanner",
        "rev": "b3b0f1f40ae09d4447c20608e5a4faf8bf3c492d",
        "type": "github"
      },
      "original": {
        "owner": "hyprwm",
        "repo": "hyprwayland-scanner",
        "type": "github"
      }
    },
    "lazyvim": {
      "inputs": {
        "flake-utils": "flake-utils_2",
        "nixpkgs": "nixpkgs_8"
      },
      "locked": {
        "lastModified": 1770068987,
        "narHash": "sha256-NZy5S0xkntbfW3SfluZg5hbDzRw4eFBsFm9knXzH8Eo=",
        "owner": "pfassina",
        "repo": "lazyvim-nix",
        "rev": "a88c488cfd96e1d4274d34d2e35ddbe99dbe5757",
        "type": "github"
      },
      "original": {
        "owner": "pfassina",
        "repo": "lazyvim-nix",
        "type": "github"
      }
    },
    "nix-darwin": {
      "inputs": {
        "nixpkgs": [
          "flakelight-darwin",
          "flakelight",
          "nixpkgs"
        ]
      },
      "locked": {
        "lastModified": 1725628909,
        "narHash": "sha256-xI0OSqPHcs/c/utJsU0Zvcp1VhejMI9mgwr68uHHlPs=",
        "owner": "LnL7",
        "repo": "nix-darwin",
        "rev": "76559183801030451e200c90a1627c1d82bb4910",
        "type": "github"
      },
      "original": {
        "owner": "LnL7",
        "repo": "nix-darwin",
        "type": "github"
      }
    },
    "nix-darwin_2": {
      "inputs": {
        "nixpkgs": [
          "nixpkgs"
        ]
      },
      "locked": {
        "lastModified": 1770184146,
        "narHash": "sha256-DsqnN6LvXmohTRaal7tVZO/AKBuZ02kPBiZKSU4qa/k=",
        "owner": "nix-darwin",
        "repo": "nix-darwin",
        "rev": "0d7874ef7e3ba02d58bebb871e6e29da36fa1b37",
        "type": "github"
      },
      "original": {
        "owner": "nix-darwin",
        "ref": "master",
        "repo": "nix-darwin",
        "type": "github"
      }
    },
    "nixos-hardware": {
      "locked": {
        "lastModified": 1769302137,
        "narHash": "sha256-QEDtctEkOsbx8nlFh4yqPEOtr4tif6KTqWwJ37IM2ds=",
        "owner": "NixOS",
        "repo": "nixos-hardware",
        "rev": "a351494b0e35fd7c0b7a1aae82f0afddf4907aa8",
        "type": "github"
      },
      "original": {
        "owner": "NixOS",
        "ref": "master",
        "repo": "nixos-hardware",
        "type": "github"
      }
    },
    "nixpkgs": {
      "locked": {
        "lastModified": 1755615617,
        "narHash": "sha256-HMwfAJBdrr8wXAkbGhtcby1zGFvs+StOp19xNsbqdOg=",
        "owner": "NixOS",
        "repo": "nixpkgs",
        "rev": "20075955deac2583bb12f07151c2df830ef346b4",
        "type": "github"
      },
      "original": {
        "owner": "NixOS",
        "ref": "nixos-unstable",
        "repo": "nixpkgs",
        "type": "github"
      }
    },
    "nixpkgs-master": {
      "locked": {
        "lastModified": 1770486252,
        "narHash": "sha256-oFsPMdVPcuc82CTxUtauBlnxWyEJTe6Efbw7YbKSy7I=",
        "owner": "nixos",
        "repo": "nixpkgs",
        "rev": "a2fee0c9ae0faf2619c630147d31faae3e46a209",
        "type": "github"
      },
      "original": {
        "owner": "nixos",
        "ref": "master",
        "repo": "nixpkgs",
        "type": "github"
      }
    },
    "nixpkgs-sof": {
      "locked": {
        "lastModified": 1769736796,
        "narHash": "sha256-O9FxKr6g2o9Gar31w0COaxn3cVg2Y3QQhFv8m+rA5MA=",
        "owner": "r-ryantm",
        "repo": "nixpkgs",
        "rev": "eac124d4cb8541df7699dcf763a92813cb834493",
        "type": "github"
      },
      "original": {
        "owner": "r-ryantm",
        "ref": "auto-update/sof-firmware",
        "repo": "nixpkgs",
        "type": "github"
      }
    },
    "nixpkgs-stable": {
      "locked": {
        "lastModified": 1767313136,
        "narHash": "sha256-16KkgfdYqjaeRGBaYsNrhPRRENs0qzkQVUooNHtoy2w=",
        "owner": "nixos",
        "repo": "nixpkgs",
        "rev": "ac62194c3917d5f474c1a844b6fd6da2db95077d",
        "type": "github"
      },
      "original": {
        "owner": "nixos",
        "ref": "nixos-25.05",
        "repo": "nixpkgs",
        "type": "github"
      }
    },
    "nixpkgs-unstable": {
      "locked": {
        "lastModified": 1770197578,
        "narHash": "sha256-AYqlWrX09+HvGs8zM6ebZ1pwUqjkfpnv8mewYwAo+iM=",
        "owner": "nixos",
        "repo": "nixpkgs",
        "rev": "00c21e4c93d963c50d4c0c89bfa84ed6e0694df2",
        "type": "github"
      },
      "original": {
        "owner": "nixos",
        "ref": "nixos-unstable",
        "repo": "nixpkgs",
        "type": "github"
      }
    },
    "nixpkgs_10": {
      "locked": {
        "lastModified": 1754028485,
        "narHash": "sha256-IiiXB3BDTi6UqzAZcf2S797hWEPCRZOwyNThJIYhUfk=",
        "owner": "NixOS",
        "repo": "nixpkgs",
        "rev": "59e69648d345d6e8fef86158c555730fa12af9de",
        "type": "github"
      },
      "original": {
        "owner": "NixOS",
        "ref": "nixos-25.05",
        "repo": "nixpkgs",
        "type": "github"
      }
    },
    "nixpkgs_11": {
      "locked": {
        "lastModified": 1769740369,
        "narHash": "sha256-xKPyJoMoXfXpDM5DFDZDsi9PHArf2k5BJjvReYXoFpM=",
        "owner": "NixOS",
        "repo": "nixpkgs",
        "rev": "6308c3b21396534d8aaeac46179c14c439a89b8a",
        "type": "github"
      },
      "original": {
        "owner": "NixOS",
        "ref": "nixpkgs-unstable",
        "repo": "nixpkgs",
        "type": "github"
      }
    },
    "nixpkgs_12": {
      "locked": {
        "lastModified": 1769461804,
        "narHash": "sha256-msG8SU5WsBUfVVa/9RPLaymvi5bI8edTavbIq3vRlhI=",
        "owner": "NixOS",
        "repo": "nixpkgs",
        "rev": "bfc1b8a4574108ceef22f02bafcf6611380c100d",
        "type": "github"
      },
      "original": {
        "owner": "NixOS",
        "ref": "nixos-unstable",
        "repo": "nixpkgs",
        "type": "github"
      }
    },
    "nixpkgs_13": {
      "locked": {
        "lastModified": 1744536153,
        "narHash": "sha256-awS2zRgF4uTwrOKwwiJcByDzDOdo3Q1rPZbiHQg/N38=",
        "owner": "NixOS",
        "repo": "nixpkgs",
        "rev": "18dd725c29603f582cf1900e0d25f9f1063dbf11",
        "type": "github"
      },
      "original": {
        "owner": "NixOS",
        "ref": "nixpkgs-unstable",
        "repo": "nixpkgs",
        "type": "github"
      }
    },
    "nixpkgs_2": {
      "locked": {
        "lastModified": 1770197578,
        "narHash": "sha256-AYqlWrX09+HvGs8zM6ebZ1pwUqjkfpnv8mewYwAo+iM=",
        "owner": "NixOS",
        "repo": "nixpkgs",
        "rev": "00c21e4c93d963c50d4c0c89bfa84ed6e0694df2",
        "type": "github"
      },
      "original": {
        "owner": "NixOS",
        "ref": "nixos-unstable",
        "repo": "nixpkgs",
        "type": "github"
      }
    },
    "nixpkgs_3": {
      "locked": {
        "lastModified": 1728018373,
        "narHash": "sha256-NOiTvBbRLIOe5F6RbHaAh6++BNjsb149fGZd1T4+KBg=",
        "owner": "NixOS",
        "repo": "nixpkgs",
        "rev": "bc947f541ae55e999ffdb4013441347d83b00feb",
        "type": "github"
      },
      "original": {
        "owner": "NixOS",
        "ref": "nixos-unstable",
        "repo": "nixpkgs",
        "type": "github"
      }
    },
    "nixpkgs_4": {
      "locked": {
        "lastModified": 1728492678,
        "narHash": "sha256-9UTxR8eukdg+XZeHgxW5hQA9fIKHsKCdOIUycTryeVw=",
        "owner": "NixOS",
        "repo": "nixpkgs",
        "rev": "5633bcff0c6162b9e4b5f1264264611e950c8ec7",
        "type": "github"
      },
      "original": {
        "owner": "NixOS",
        "ref": "nixos-unstable",
        "repo": "nixpkgs",
        "type": "github"
      }
    },
    "nixpkgs_5": {
      "locked": {
        "lastModified": 1769789167,
        "narHash": "sha256-kKB3bqYJU5nzYeIROI82Ef9VtTbu4uA3YydSk/Bioa8=",
        "owner": "NixOS",
        "repo": "nixpkgs",
        "rev": "62c8382960464ceb98ea593cb8321a2cf8f9e3e5",
        "type": "github"
      },
      "original": {
        "owner": "NixOS",
        "ref": "nixos-unstable",
        "repo": "nixpkgs",
        "type": "github"
      }
    },
    "nixpkgs_6": {
      "locked": {
        "lastModified": 1725634671,
        "narHash": "sha256-v3rIhsJBOMLR8e/RNWxr828tB+WywYIoajrZKFM+0Gg=",
        "owner": "NixOS",
        "repo": "nixpkgs",
        "rev": "574d1eac1c200690e27b8eb4e24887f8df7ac27c",
        "type": "github"
      },
      "original": {
        "owner": "NixOS",
        "ref": "nixos-unstable",
        "repo": "nixpkgs",
        "type": "github"
      }
    },
    "nixpkgs_7": {
      "locked": {
        "lastModified": 1758690382,
        "narHash": "sha256-NY3kSorgqE5LMm1LqNwGne3ZLMF2/ILgLpFr1fS4X3o=",
        "owner": "NixOS",
        "repo": "nixpkgs",
        "rev": "e643668fd71b949c53f8626614b21ff71a07379d",
        "type": "github"
      },
      "original": {
        "owner": "NixOS",
        "ref": "nixos-unstable",
        "repo": "nixpkgs",
        "type": "github"
      }
    },
    "nixpkgs_8": {
      "locked": {
        "lastModified": 1752480373,
        "narHash": "sha256-JHQbm+OcGp32wAsXTE/FLYGNpb+4GLi5oTvCxwSoBOA=",
        "owner": "NixOS",
        "repo": "nixpkgs",
        "rev": "62e0f05ede1da0d54515d4ea8ce9c733f12d9f08",
        "type": "github"
      },
      "original": {
        "owner": "NixOS",
        "ref": "nixos-unstable",
        "repo": "nixpkgs",
        "type": "github"
      }
    },
    "nixpkgs_9": {
      "locked": {
        "lastModified": 1770197578,
        "narHash": "sha256-AYqlWrX09+HvGs8zM6ebZ1pwUqjkfpnv8mewYwAo+iM=",
        "owner": "nixos",
        "repo": "nixpkgs",
        "rev": "00c21e4c93d963c50d4c0c89bfa84ed6e0694df2",
        "type": "github"
      },
      "original": {
        "owner": "nixos",
        "ref": "nixos-unstable",
        "repo": "nixpkgs",
        "type": "github"
      }
    },
    "nur": {
      "inputs": {
        "flake-parts": "flake-parts",
        "nixpkgs": "nixpkgs_9"
      },
      "locked": {
        "lastModified": 1770486118,
        "narHash": "sha256-eto9txBNwwlQmi445yHZ+x+7mMbyYnbcSn5jG+WJpQU=",
        "owner": "nix-community",
        "repo": "NUR",
        "rev": "efe9288eff027bbef3bc02ff23937751d20f64c1",
        "type": "github"
      },
      "original": {
        "owner": "nix-community",
        "repo": "NUR",
        "type": "github"
      }
    },
    "omenix": {
      "inputs": {
        "nixpkgs": "nixpkgs_10"
      },
      "locked": {
        "lastModified": 1770195809,
        "narHash": "sha256-l345oI679HuVCMJQEODx2jSdWrVBOaw7ASCOns2agJw=",
        "path": "/home/anton/Workdir/omenix",
        "type": "path"
      },
      "original": {
        "path": "/home/anton/Workdir/omenix",
        "type": "path"
      }
    },
    "root": {
      "inputs": {
        "activate-linux": "activate-linux",
        "autobrowser": "autobrowser",
        "base16-rofi": "base16-rofi",
        "base16-schemes": "base16-schemes",
        "catppuccin": "catppuccin",
        "catppuccin-zen": "catppuccin-zen",
        "ccsync": "ccsync",
        "ddcsync": "ddcsync",
        "firefly-iii-boc-fixer": "firefly-iii-boc-fixer",
        "fish-async-prompt-plugin": "fish-async-prompt-plugin",
        "fish-colored-man-plugin": "fish-colored-man-plugin",
        "fish-grc": "fish-grc",
        "flakelight": "flakelight_3",
        "flakelight-darwin": "flakelight-darwin",
        "home-manager": "home-manager",
        "hyprdynamicmonitors": "hyprdynamicmonitors",
        "hyprshutdown": "hyprshutdown",
        "lazyvim": "lazyvim",
        "nix-darwin": "nix-darwin_2",
        "nixos-hardware": "nixos-hardware",
        "nixpkgs": [
          "nixpkgs-unstable"
        ],
        "nixpkgs-master": "nixpkgs-master",
        "nixpkgs-sof": "nixpkgs-sof",
        "nixpkgs-stable": "nixpkgs-stable",
        "nixpkgs-unstable": "nixpkgs-unstable",
        "nur": "nur",
        "omenix": "omenix",
        "sops-nix": "sops-nix",
        "spicetify-nix": "spicetify-nix",
        "try-rs": "try-rs",
        "zen-browser": "zen-browser"
      }
    },
    "rust-overlay": {
      "inputs": {
        "nixpkgs": "nixpkgs_13"
      },
      "locked": {
        "lastModified": 1769742225,
        "narHash": "sha256-roSD/OJ3x9nF+Dxr+/bLClX3U8FP9EkCQIFpzxKjSUM=",
        "owner": "oxalica",
        "repo": "rust-overlay",
        "rev": "bcdd8d37594f0e201639f55889c01c827baf5c75",
        "type": "github"
      },
      "original": {
        "owner": "oxalica",
        "repo": "rust-overlay",
        "type": "github"
      }
    },
    "sops-nix": {
      "inputs": {
        "nixpkgs": "nixpkgs_11"
      },
      "locked": {
        "lastModified": 1770145881,
        "narHash": "sha256-ktjWTq+D5MTXQcL9N6cDZXUf9kX8JBLLBLT0ZyOTSYY=",
        "owner": "Mic92",
        "repo": "sops-nix",
        "rev": "17eea6f3816ba6568b8c81db8a4e6ca438b30b7c",
        "type": "github"
      },
      "original": {
        "owner": "Mic92",
        "repo": "sops-nix",
        "type": "github"
      }
    },
    "spicetify-nix": {
      "inputs": {
        "nixpkgs": "nixpkgs_12",
        "systems": "systems_4"
      },
      "locked": {
        "lastModified": 1769986820,
        "narHash": "sha256-O9OQ44dk9TJdtRIG828DUI54XdkfZET7AlN1RgTsPis=",
        "owner": "Gerg-L",
        "repo": "spicetify-nix",
        "rev": "68de6434cfaa8983f3775b858b8b76e7c5dbd29c",
        "type": "github"
      },
      "original": {
        "owner": "Gerg-L",
        "repo": "spicetify-nix",
        "type": "github"
      }
    },
    "systems": {
      "locked": {
        "lastModified": 1681028828,
        "narHash": "sha256-Vy1rq5AaRuLzOxct8nz4T6wlgyUR7zLU309k9mBC768=",
        "owner": "nix-systems",
        "repo": "default",
        "rev": "da67096a3b9bf56a91d16901293e51ba5b49a27e",
        "type": "github"
      },
      "original": {
        "owner": "nix-systems",
        "repo": "default",
        "type": "github"
      }
    },
    "systems_2": {
      "locked": {
        "lastModified": 1689347949,
        "narHash": "sha256-12tWmuL2zgBgZkdoB6qXZsgJEH9LR3oUgpaQq2RbI80=",
        "owner": "nix-systems",
        "repo": "default-linux",
        "rev": "31732fcf5e8fea42e59c2488ad31a0e651500f68",
        "type": "github"
      },
      "original": {
        "owner": "nix-systems",
        "repo": "default-linux",
        "type": "github"
      }
    },
    "systems_3": {
      "locked": {
        "lastModified": 1681028828,
        "narHash": "sha256-Vy1rq5AaRuLzOxct8nz4T6wlgyUR7zLU309k9mBC768=",
        "owner": "nix-systems",
        "repo": "default",
        "rev": "da67096a3b9bf56a91d16901293e51ba5b49a27e",
        "type": "github"
      },
      "original": {
        "owner": "nix-systems",
        "repo": "default",
        "type": "github"
      }
    },
    "systems_4": {
      "locked": {
        "lastModified": 1681028828,
        "narHash": "sha256-Vy1rq5AaRuLzOxct8nz4T6wlgyUR7zLU309k9mBC768=",
        "owner": "nix-systems",
        "repo": "default",
        "rev": "da67096a3b9bf56a91d16901293e51ba5b49a27e",
        "type": "github"
      },
      "original": {
        "owner": "nix-systems",
        "repo": "default",
        "type": "github"
      }
    },
    "systems_5": {
      "locked": {
        "lastModified": 1681028828,
        "narHash": "sha256-Vy1rq5AaRuLzOxct8nz4T6wlgyUR7zLU309k9mBC768=",
        "owner": "nix-systems",
        "repo": "default",
        "rev": "da67096a3b9bf56a91d16901293e51ba5b49a27e",
        "type": "github"
      },
      "original": {
        "owner": "nix-systems",
        "repo": "default",
        "type": "github"
      }
    },
    "try-rs": {
      "inputs": {
        "flake-utils": "flake-utils_3",
        "nixpkgs": [
          "nixpkgs"
        ],
        "rust-overlay": "rust-overlay"
      },
      "locked": {
        "lastModified": 1770458738,
        "narHash": "sha256-kz2te3LyVr401ZELVSt+AzzD8HjfZ6y2X02FULcHyW0=",
        "owner": "tassiovirginio",
        "repo": "try-rs",
        "rev": "48421c2564fb6b670dc665cd5beb50f11c47b6d4",
        "type": "github"
      },
      "original": {
        "owner": "tassiovirginio",
        "repo": "try-rs",
        "type": "github"
      }
    },
    "utils": {
      "locked": {
        "lastModified": 1652776076,
        "narHash": "sha256-gzTw/v1vj4dOVbpBSJX4J0DwUR6LIyXo7/SuuTJp1kM=",
        "owner": "numtide",
        "repo": "flake-utils",
        "rev": "04c1b180862888302ddfb2e3ad9eaa63afc60cf8",
        "type": "github"
      },
      "original": {
        "owner": "numtide",
        "repo": "flake-utils",
        "type": "github"
      }
    },
    "zen-browser": {
      "inputs": {
        "home-manager": "home-manager_2",
        "nixpkgs": [
          "nixpkgs"
        ]
      },
      "locked": {
        "lastModified": 1770480420,
        "narHash": "sha256-zm86JvwyurSk06eZD1/Cdc4eF84gWIxeOmBJ5iUxRHw=",
        "owner": "0xc000022070",
        "repo": "zen-browser-flake",
        "rev": "d1540a889b63da17f735f1d4bebd9ebfcd7c267a",
        "type": "github"
      },
      "original": {
        "owner": "0xc000022070",
        "repo": "zen-browser-flake",
        "type": "github"
      }
    }
  },
  "root": "root",
  "version": 7
}
