{
  "nodes": {
    "flake-compat": {
      "flake": false,
      "locked": {
        "lastModified": 1673956053,
        "narHash": "sha256-4gtG9iQuiKITOjNQQeQIpoIB6b16fm+504Ch3sNKLd8=",
        "owner": "edolstra",
        "repo": "flake-compat",
        "rev": "35bb57c0c8d8b62bbfd284272c928ceb64ddbde9",
        "type": "github"
      },
      "original": {
        "owner": "edolstra",
        "repo": "flake-compat",
        "type": "github"
      }
    },
    "lowdown-src": {
      "flake": false,
      "locked": {
        "lastModified": 1633514407,
        "narHash": "sha256-Dw32tiMjdK9t3ETl5fzGrutQTzh2rufgZV4A/BbxuD4=",
        "owner": "kristapsdz",
        "repo": "lowdown",
        "rev": "d2c2b44ff6c27b936ec27358a2653caaef8f73b8",
        "type": "github"
      },
      "original": {
        "owner": "kristapsdz",
        "repo": "lowdown",
        "type": "github"
      }
    },
    "nix": {
      "inputs": {
        "flake-compat": "flake-compat",
        "lowdown-src": "lowdown-src",
        "nixpkgs": "nixpkgs",
        "nixpkgs-regression": "nixpkgs-regression"
      },
      "locked": {
        "lastModified": 1695206490,
        "narHash": "sha256-mfAWXlNC4UFvTsaDiasfJEzIy01u88ZSHbFSmQoTlFM=",
        "owner": "nixos",
        "repo": "nix",
        "rev": "d40e91440d53a982b8c72b176c14f2a39c3e04d1",
        "type": "github"
      },
      "original": {
        "owner": "nixos",
        "repo": "nix",
        "type": "github"
      }
    },
    "nixos-hardware": {
      "locked": {
        "lastModified": 1695109627,
        "narHash": "sha256-4rpyoVzmunIG6xWA/EonnSSqC69bDBzciFi6SjBze/0=",
        "owner": "NixOS",
        "repo": "nixos-hardware",
        "rev": "cb4dc98f776ddb6af165e6f06b2902efe31ca67a",
        "type": "github"
      },
      "original": {
        "owner": "NixOS",
        "ref": "master",
        "repo": "nixos-hardware",
        "type": "github"
      }
    },
    "nixpkgs": {
      "locked": {
        "lastModified": 1695124524,
        "narHash": "sha256-trXDytVCqf3KryQQQrHOZKUabu1/lB8/ndOAuZKQrOE=",
        "owner": "edolstra",
        "repo": "nixpkgs",
        "rev": "a3d30b525535e3158221abc1a957ce798ab159fe",
        "type": "github"
      },
      "original": {
        "owner": "edolstra",
        "ref": "fix-aws-sdk-cpp",
        "repo": "nixpkgs",
        "type": "github"
      }
    },
    "nixpkgs-local": {
      "locked": {
        "lastModified": 1605905424,
        "narHash": "sha256-oXEYQG7IXrfqQ6zWGyx/MvSE27GQcdTzGtcG00+Cz7I=",
        "owner": "pltanton",
        "repo": "nixpkgs",
        "rev": "80e40dd0a460093e43167eb29ca70ad8f11ceefc",
        "type": "github"
      },
      "original": {
        "owner": "pltanton",
        "ref": "master",
        "repo": "nixpkgs",
        "type": "github"
      }
    },
    "nixpkgs-master": {
      "locked": {
        "lastModified": 1695208419,
        "narHash": "sha256-w8Rm+BOuTcZruUQ3To8jVarhEr6lTEPAOsTv4Q5+TbA=",
        "owner": "nixos",
        "repo": "nixpkgs",
        "rev": "18c27868592bd0efd4aa131acd2bbda7034f94db",
        "type": "github"
      },
      "original": {
        "owner": "nixos",
        "ref": "master",
        "repo": "nixpkgs",
        "type": "github"
      }
    },
    "nixpkgs-regression": {
      "locked": {
        "lastModified": 1643052045,
        "narHash": "sha256-uGJ0VXIhWKGXxkeNnq4TvV3CIOkUJ3PAoLZ3HMzNVMw=",
        "owner": "NixOS",
        "repo": "nixpkgs",
        "rev": "215d4d0fd80ca5163643b03a33fde804a29cc1e2",
        "type": "github"
      },
      "original": {
        "owner": "NixOS",
        "repo": "nixpkgs",
        "rev": "215d4d0fd80ca5163643b03a33fde804a29cc1e2",
        "type": "github"
      }
    },
    "nixpkgs-stable": {
      "locked": {
        "lastModified": 1694937365,
        "narHash": "sha256-iHZSGrb9gVpZRR4B2ishUN/1LRKWtSHZNO37C8z1SmA=",
        "owner": "nixos",
        "repo": "nixpkgs",
        "rev": "5d017a8822e0907fb96f7700a319f9fe2434de02",
        "type": "github"
      },
      "original": {
        "owner": "nixos",
        "ref": "nixos-23.05",
        "repo": "nixpkgs",
        "type": "github"
      }
    },
    "nixpkgs-unstable": {
      "locked": {
        "lastModified": 1694959747,
        "narHash": "sha256-CXQ2MuledDVlVM5dLC4pB41cFlBWxRw4tCBsFrq3cRk=",
        "owner": "nixos",
        "repo": "nixpkgs",
        "rev": "970a59bd19eff3752ce552935687100c46e820a5",
        "type": "github"
      },
      "original": {
        "owner": "nixos",
        "ref": "nixos-unstable",
        "repo": "nixpkgs",
        "type": "github"
      }
    },
    "nixpkgs_2": {
      "locked": {
        "lastModified": 1694959747,
        "narHash": "sha256-CXQ2MuledDVlVM5dLC4pB41cFlBWxRw4tCBsFrq3cRk=",
        "owner": "nixos",
        "repo": "nixpkgs",
        "rev": "970a59bd19eff3752ce552935687100c46e820a5",
        "type": "github"
      },
      "original": {
        "owner": "nixos",
        "ref": "nixos-unstable",
        "repo": "nixpkgs",
        "type": "github"
      }
    },
    "nur": {
      "locked": {
        "lastModified": 1695207266,
        "narHash": "sha256-Cs2Z79lFLMxL4No5ZrDs2gW8skUsBjQ9H91xdEwA7lU=",
        "owner": "nix-community",
        "repo": "NUR",
        "rev": "367eb14c3319ed1e6e4fef3cc73f522a7be82069",
        "type": "github"
      },
      "original": {
        "id": "nur",
        "type": "indirect"
      }
    },
    "root": {
      "inputs": {
        "nix": "nix",
        "nixos-hardware": "nixos-hardware",
        "nixpkgs": "nixpkgs_2",
        "nixpkgs-local": "nixpkgs-local",
        "nixpkgs-master": "nixpkgs-master",
        "nixpkgs-stable": "nixpkgs-stable",
        "nixpkgs-unstable": "nixpkgs-unstable",
        "nur": "nur"
      }
    }
  },
  "root": "root",
  "version": 7
}
