{
  "nodes": {
    "lowdown-src": {
      "flake": false,
      "locked": {
        "lastModified": 1633514407,
        "narHash": "sha256-Dw32tiMjdK9t3ETl5fzGrutQTzh2rufgZV4A/BbxuD4=",
        "owner": "kristapsdz",
        "repo": "lowdown",
        "rev": "d2c2b44ff6c27b936ec27358a2653caaef8f73b8",
        "type": "github"
      },
      "original": {
        "owner": "kristapsdz",
        "repo": "lowdown",
        "type": "github"
      }
    },
    "nix": {
      "inputs": {
        "lowdown-src": "lowdown-src",
        "nixpkgs": "nixpkgs",
        "nixpkgs-regression": "nixpkgs-regression"
      },
      "locked": {
        "lastModified": 1668594520,
        "narHash": "sha256-/9iBitEL6mtWZDikR/T0FNlkzj5HVkduw/Nek7HjgcY=",
        "owner": "nixos",
        "repo": "nix",
        "rev": "62960f32915909a5104f2ca3a32b25fb3cfd34c7",
        "type": "github"
      },
      "original": {
        "owner": "nixos",
        "repo": "nix",
        "type": "github"
      }
    },
    "nixos-hardware": {
      "locked": {
        "lastModified": 1668973873,
        "narHash": "sha256-DnTrRduUIRgsCBruvUXsaBw2G46JNq6/DtrM5R7VrRc=",
        "owner": "NixOS",
        "repo": "nixos-hardware",
        "rev": "1108c1b8614017c8b52005054fd27a00e4feb51b",
        "type": "github"
      },
      "original": {
        "owner": "NixOS",
        "ref": "master",
        "repo": "nixos-hardware",
        "type": "github"
      }
    },
    "nixpkgs": {
      "locked": {
        "lastModified": 1657693803,
        "narHash": "sha256-G++2CJ9u0E7NNTAi9n5G8TdDmGJXcIjkJ3NF8cetQB8=",
        "owner": "NixOS",
        "repo": "nixpkgs",
        "rev": "365e1b3a859281cf11b94f87231adeabbdd878a2",
        "type": "github"
      },
      "original": {
        "owner": "NixOS",
        "ref": "nixos-22.05-small",
        "repo": "nixpkgs",
        "type": "github"
      }
    },
    "nixpkgs-local": {
      "locked": {
        "lastModified": 1605905424,
        "narHash": "sha256-oXEYQG7IXrfqQ6zWGyx/MvSE27GQcdTzGtcG00+Cz7I=",
        "owner": "pltanton",
        "repo": "nixpkgs",
        "rev": "80e40dd0a460093e43167eb29ca70ad8f11ceefc",
        "type": "github"
      },
      "original": {
        "owner": "pltanton",
        "ref": "master",
        "repo": "nixpkgs",
        "type": "github"
      }
    },
    "nixpkgs-master": {
      "locked": {
        "lastModified": 1668974296,
        "narHash": "sha256-PFsfQRX+Izo7QpHJ+biplrEasuWzi01tcqtulPYMJOs=",
        "owner": "nixos",
        "repo": "nixpkgs",
        "rev": "d1bf8378843eed3f90e91dfe8d79aba81ebc3c6b",
        "type": "github"
      },
      "original": {
        "owner": "nixos",
        "ref": "master",
        "repo": "nixpkgs",
        "type": "github"
      }
    },
    "nixpkgs-regression": {
      "locked": {
        "lastModified": 1643052045,
        "narHash": "sha256-uGJ0VXIhWKGXxkeNnq4TvV3CIOkUJ3PAoLZ3HMzNVMw=",
        "owner": "NixOS",
        "repo": "nixpkgs",
        "rev": "215d4d0fd80ca5163643b03a33fde804a29cc1e2",
        "type": "github"
      },
      "original": {
        "owner": "NixOS",
        "repo": "nixpkgs",
        "rev": "215d4d0fd80ca5163643b03a33fde804a29cc1e2",
        "type": "github"
      }
    },
    "nixpkgs-stable": {
      "locked": {
        "lastModified": 1668908668,
        "narHash": "sha256-oimCE4rY7Btuo/VYmA8khIyTHSMV7qUWTpz9w8yc9LQ=",
        "owner": "nixos",
        "repo": "nixpkgs",
        "rev": "b68a6a27adb452879ab66c0eaac0c133e32823b2",
        "type": "github"
      },
      "original": {
        "owner": "nixos",
        "ref": "nixos-22.05",
        "repo": "nixpkgs",
        "type": "github"
      }
    },
    "nixpkgs_2": {
      "locked": {
        "lastModified": 1668908668,
        "narHash": "sha256-oimCE4rY7Btuo/VYmA8khIyTHSMV7qUWTpz9w8yc9LQ=",
        "owner": "nixos",
        "repo": "nixpkgs",
        "rev": "b68a6a27adb452879ab66c0eaac0c133e32823b2",
        "type": "github"
      },
      "original": {
        "owner": "nixos",
        "ref": "nixos-22.05",
        "repo": "nixpkgs",
        "type": "github"
      }
    },
    "nur": {
      "locked": {
        "lastModified": 1668973835,
        "narHash": "sha256-ejEOqBW5Cz2Uuwh2jE8yy65wiBuR6oCMfyk7Qg0+kgM=",
        "owner": "nix-community",
        "repo": "NUR",
        "rev": "51ec7d92fcfec1b4998bf2837c3031718905cae3",
        "type": "github"
      },
      "original": {
        "id": "nur",
        "type": "indirect"
      }
    },
    "root": {
      "inputs": {
        "nix": "nix",
        "nixos-hardware": "nixos-hardware",
        "nixpkgs": "nixpkgs_2",
        "nixpkgs-local": "nixpkgs-local",
        "nixpkgs-master": "nixpkgs-master",
        "nixpkgs-stable": "nixpkgs-stable",
        "nur": "nur"
      }
    }
  },
  "root": "root",
  "version": 7
}
