{
  "nodes": {
    "lowdown-src": {
      "flake": false,
      "locked": {
        "lastModified": 1633514407,
        "narHash": "sha256-Dw32tiMjdK9t3ETl5fzGrutQTzh2rufgZV4A/BbxuD4=",
        "owner": "kristapsdz",
        "repo": "lowdown",
        "rev": "d2c2b44ff6c27b936ec27358a2653caaef8f73b8",
        "type": "github"
      },
      "original": {
        "owner": "kristapsdz",
        "repo": "lowdown",
        "type": "github"
      }
    },
    "nix": {
      "inputs": {
        "lowdown-src": "lowdown-src",
        "nixpkgs": "nixpkgs",
        "nixpkgs-regression": "nixpkgs-regression"
      },
      "locked": {
        "lastModified": 1646996546,
        "narHash": "sha256-DeAERSLnzCgTkUHg0xQP4eRm2UAPZqjo8eeH76/ozSM=",
        "owner": "nixos",
        "repo": "nix",
        "rev": "aee56e0f895e7b9890d1ec948b24c75478f9e88e",
        "type": "github"
      },
      "original": {
        "owner": "nixos",
        "repo": "nix",
        "type": "github"
      }
    },
    "nixos-hardware": {
      "locked": {
        "lastModified": 1646825982,
        "narHash": "sha256-uWvS4UFkdE4Iqk1pXhxkZqPsqI+Z2V9VRmLxGUFejbY=",
        "owner": "NixOS",
        "repo": "nixos-hardware",
        "rev": "816a935bf5aa5f77cb1f03ebfe20ab13b112d0f1",
        "type": "github"
      },
      "original": {
        "owner": "NixOS",
        "ref": "master",
        "repo": "nixos-hardware",
        "type": "github"
      }
    },
    "nixpkgs": {
      "locked": {
        "lastModified": 1632864508,
        "narHash": "sha256-d127FIvGR41XbVRDPVvozUPQ/uRHbHwvfyKHwEt5xFM=",
        "owner": "NixOS",
        "repo": "nixpkgs",
        "rev": "82891b5e2c2359d7e58d08849e4c89511ab94234",
        "type": "github"
      },
      "original": {
        "id": "nixpkgs",
        "ref": "nixos-21.05-small",
        "type": "indirect"
      }
    },
    "nixpkgs-local": {
      "locked": {
        "lastModified": 1605905424,
        "narHash": "sha256-oXEYQG7IXrfqQ6zWGyx/MvSE27GQcdTzGtcG00+Cz7I=",
        "owner": "pltanton",
        "repo": "nixpkgs",
        "rev": "80e40dd0a460093e43167eb29ca70ad8f11ceefc",
        "type": "github"
      },
      "original": {
        "owner": "pltanton",
        "ref": "master",
        "repo": "nixpkgs",
        "type": "github"
      }
    },
    "nixpkgs-master": {
      "locked": {
        "lastModified": 1646999350,
        "narHash": "sha256-QziQn3izb0JvtAtVpQncayonzGBIGdsr5A+4+b5JMXs=",
        "owner": "nixos",
        "repo": "nixpkgs",
        "rev": "f7f0f81cf615d4b087b9974675b93d5d18236616",
        "type": "github"
      },
      "original": {
        "owner": "nixos",
        "ref": "master",
        "repo": "nixpkgs",
        "type": "github"
      }
    },
    "nixpkgs-regression": {
      "locked": {
        "lastModified": 1643052045,
        "narHash": "sha256-uGJ0VXIhWKGXxkeNnq4TvV3CIOkUJ3PAoLZ3HMzNVMw=",
        "owner": "NixOS",
        "repo": "nixpkgs",
        "rev": "215d4d0fd80ca5163643b03a33fde804a29cc1e2",
        "type": "github"
      },
      "original": {
        "id": "nixpkgs",
        "rev": "215d4d0fd80ca5163643b03a33fde804a29cc1e2",
        "type": "indirect"
      }
    },
    "nixpkgs-stable": {
      "locked": {
        "lastModified": 1646675913,
        "narHash": "sha256-ZvGf51XpXM7JojKLZ5yI0XLUq8UOFX6AwZ3bhtdcpIo=",
        "owner": "nixos",
        "repo": "nixpkgs",
        "rev": "9b1c7ba323732ddc85a51850a7f10ecc5269b8e9",
        "type": "github"
      },
      "original": {
        "owner": "nixos",
        "ref": "nixos-21.11",
        "repo": "nixpkgs",
        "type": "github"
      }
    },
    "nixpkgs_2": {
      "locked": {
        "lastModified": 1646675913,
        "narHash": "sha256-ZvGf51XpXM7JojKLZ5yI0XLUq8UOFX6AwZ3bhtdcpIo=",
        "owner": "nixos",
        "repo": "nixpkgs",
        "rev": "9b1c7ba323732ddc85a51850a7f10ecc5269b8e9",
        "type": "github"
      },
      "original": {
        "owner": "nixos",
        "ref": "nixos-21.11",
        "repo": "nixpkgs",
        "type": "github"
      }
    },
    "root": {
      "inputs": {
        "nix": "nix",
        "nixos-hardware": "nixos-hardware",
        "nixpkgs": "nixpkgs_2",
        "nixpkgs-local": "nixpkgs-local",
        "nixpkgs-master": "nixpkgs-master",
        "nixpkgs-stable": "nixpkgs-stable"
      }
    }
  },
  "root": "root",
  "version": 7
}
