{
  "nodes": {
    "flake-compat": {
      "flake": false,
      "locked": {
        "lastModified": 1673956053,
        "narHash": "sha256-4gtG9iQuiKITOjNQQeQIpoIB6b16fm+504Ch3sNKLd8=",
        "owner": "edolstra",
        "repo": "flake-compat",
        "rev": "35bb57c0c8d8b62bbfd284272c928ceb64ddbde9",
        "type": "github"
      },
      "original": {
        "owner": "edolstra",
        "repo": "flake-compat",
        "type": "github"
      }
    },
    "lowdown-src": {
      "flake": false,
      "locked": {
        "lastModified": 1633514407,
        "narHash": "sha256-Dw32tiMjdK9t3ETl5fzGrutQTzh2rufgZV4A/BbxuD4=",
        "owner": "kristapsdz",
        "repo": "lowdown",
        "rev": "d2c2b44ff6c27b936ec27358a2653caaef8f73b8",
        "type": "github"
      },
      "original": {
        "owner": "kristapsdz",
        "repo": "lowdown",
        "type": "github"
      }
    },
    "nix": {
      "inputs": {
        "flake-compat": "flake-compat",
        "lowdown-src": "lowdown-src",
        "nixpkgs": "nixpkgs",
        "nixpkgs-regression": "nixpkgs-regression"
      },
      "locked": {
        "lastModified": 1688163427,
        "narHash": "sha256-hJE9rvB1I7equ0Bd5PA8P2FQ+sWnfiNJMUBp7D862xU=",
        "owner": "nixos",
        "repo": "nix",
        "rev": "d05d175ddfc3dae2e8ba33bce6935bb55773e6fa",
        "type": "github"
      },
      "original": {
        "owner": "nixos",
        "repo": "nix",
        "type": "github"
      }
    },
    "nixos-hardware": {
      "locked": {
        "lastModified": 1686838567,
        "narHash": "sha256-aqKCUD126dRlVSKV6vWuDCitfjFrZlkwNuvj5LtjRRU=",
        "owner": "NixOS",
        "repo": "nixos-hardware",
        "rev": "429f232fe1dc398c5afea19a51aad6931ee0fb89",
        "type": "github"
      },
      "original": {
        "owner": "NixOS",
        "ref": "master",
        "repo": "nixos-hardware",
        "type": "github"
      }
    },
    "nixpkgs": {
      "locked": {
        "lastModified": 1670461440,
        "narHash": "sha256-jy1LB8HOMKGJEGXgzFRLDU1CBGL0/LlkolgnqIsF0D8=",
        "owner": "NixOS",
        "repo": "nixpkgs",
        "rev": "04a75b2eecc0acf6239acf9dd04485ff8d14f425",
        "type": "github"
      },
      "original": {
        "owner": "NixOS",
        "ref": "nixos-22.11-small",
        "repo": "nixpkgs",
        "type": "github"
      }
    },
    "nixpkgs-local": {
      "locked": {
        "lastModified": 1605905424,
        "narHash": "sha256-oXEYQG7IXrfqQ6zWGyx/MvSE27GQcdTzGtcG00+Cz7I=",
        "owner": "pltanton",
        "repo": "nixpkgs",
        "rev": "80e40dd0a460093e43167eb29ca70ad8f11ceefc",
        "type": "github"
      },
      "original": {
        "owner": "pltanton",
        "ref": "master",
        "repo": "nixpkgs",
        "type": "github"
      }
    },
    "nixpkgs-master": {
      "locked": {
        "lastModified": 1688167437,
        "narHash": "sha256-Coag2+VRK9/d5VHaIndHWj11Ztww+3dHaaO/i770NII=",
        "owner": "nixos",
        "repo": "nixpkgs",
        "rev": "d782c02583ba1dd7ab017c421d1089704b5967bb",
        "type": "github"
      },
      "original": {
        "owner": "nixos",
        "ref": "master",
        "repo": "nixpkgs",
        "type": "github"
      }
    },
    "nixpkgs-regression": {
      "locked": {
        "lastModified": 1643052045,
        "narHash": "sha256-uGJ0VXIhWKGXxkeNnq4TvV3CIOkUJ3PAoLZ3HMzNVMw=",
        "owner": "NixOS",
        "repo": "nixpkgs",
        "rev": "215d4d0fd80ca5163643b03a33fde804a29cc1e2",
        "type": "github"
      },
      "original": {
        "owner": "NixOS",
        "repo": "nixpkgs",
        "rev": "215d4d0fd80ca5163643b03a33fde804a29cc1e2",
        "type": "github"
      }
    },
    "nixpkgs-stable": {
      "locked": {
        "lastModified": 1688109178,
        "narHash": "sha256-BSdeYp331G4b1yc7GIRgAnfUyaktW2nl7k0C577Tttk=",
        "owner": "nixos",
        "repo": "nixpkgs",
        "rev": "b72aa95f7f096382bff3aea5f8fde645bca07422",
        "type": "github"
      },
      "original": {
        "owner": "nixos",
        "ref": "nixos-23.05",
        "repo": "nixpkgs",
        "type": "github"
      }
    },
    "nixpkgs_2": {
      "locked": {
        "lastModified": 1688049487,
        "narHash": "sha256-100g4iaKC9MalDjUW9iN6Jl/OocTDtXdeAj7pEGIRh4=",
        "owner": "nixos",
        "repo": "nixpkgs",
        "rev": "4bc72cae107788bf3f24f30db2e2f685c9298dc9",
        "type": "github"
      },
      "original": {
        "owner": "nixos",
        "ref": "nixos-unstable",
        "repo": "nixpkgs",
        "type": "github"
      }
    },
    "root": {
      "inputs": {
        "nix": "nix",
        "nixos-hardware": "nixos-hardware",
        "nixpkgs": "nixpkgs_2",
        "nixpkgs-local": "nixpkgs-local",
        "nixpkgs-master": "nixpkgs-master",
        "nixpkgs-stable": "nixpkgs-stable"
      }
    }
  },
  "root": "root",
  "version": 7
}
