{
  "nodes": {
    "activate-linux": {
      "inputs": {
        "nixpkgs": [
          "nixpkgs"
        ],
        "utils": "utils"
      },
      "locked": {
        "lastModified": 1653298469,
        "narHash": "sha256-JL/eGP0I0njfC0VChcAZ2UEvHY5P14DBx6GwmxjRYhE=",
        "owner": "Kljunas2",
        "repo": "activate-linux",
        "rev": "2e8716dc7ba9a39bd0aaff56918bfe8e7c1ad892",
        "type": "github"
      },
      "original": {
        "owner": "Kljunas2",
        "repo": "activate-linux",
        "type": "github"
      }
    },
    "base16": {
      "inputs": {
        "nixpkgs": "nixpkgs"
      },
      "locked": {
        "lastModified": 1624881126,
        "narHash": "sha256-64mo6PQqhhmczlR/7qghmJi/gvjQrOajPro6FfWdAFY=",
        "owner": "pltanton",
        "repo": "base16-nix",
        "rev": "ad57b156136f8bdcf070e18d08e3f3bdf728431a",
        "type": "github"
      },
      "original": {
        "owner": "pltanton",
        "repo": "base16-nix",
        "type": "github"
      }
    },
    "bwmenu": {
      "inputs": {
        "flake-utils": "flake-utils",
        "nixpkgs": "nixpkgs_2"
      },
      "locked": {
        "lastModified": 1626345697,
        "narHash": "sha256-7SEO+mgIePu8U/JtNYA/TLm31EwdbW9opskNne1Z48g=",
        "owner": "pltanton",
        "repo": "bitwarden-dmenu",
        "rev": "928663af71a491c85ae0602bd7700cf5d6788bea",
        "type": "github"
      },
      "original": {
        "owner": "pltanton",
        "repo": "bitwarden-dmenu",
        "type": "github"
      }
    },
    "cachix": {
      "locked": {
        "lastModified": 1656782578,
        "narHash": "sha256-1eMCBEqJplPotTo/SZ/t5HU6Sf2I8qKlZi9MX7jv9fw=",
        "owner": "nixos",
        "repo": "nixpkgs",
        "rev": "573603b7fdb9feb0eb8efc16ee18a015c667ab1b",
        "type": "github"
      },
      "original": {
        "owner": "nixos",
        "ref": "nixos-21.11",
        "repo": "nixpkgs",
        "type": "github"
      }
    },
    "doom-emacs": {
      "flake": false,
      "locked": {
        "lastModified": 1642165074,
        "narHash": "sha256-Sl8/Pmq+AZ4y1U0/96Ka/BXRroBDoW1VXQKUKEAyuaA=",
        "owner": "hlissner",
        "repo": "doom-emacs",
        "rev": "35865ef5e89442e3809b8095199977053dd4210f",
        "type": "github"
      },
      "original": {
        "owner": "hlissner",
        "ref": "develop",
        "repo": "doom-emacs",
        "type": "github"
      }
    },
    "emacs-overlay": {
      "inputs": {
        "flake-utils": "flake-utils_2",
        "nixpkgs": "nixpkgs_3"
      },
      "locked": {
        "lastModified": 1657564474,
        "narHash": "sha256-zDKZtQtQbM5ixoI2i4NDNOq0eMjDZt40HHLAsWeFp6g=",
        "owner": "nix-community",
        "repo": "emacs-overlay",
        "rev": "d66146093627b60ee245249adc75029abc49db13",
        "type": "github"
      },
      "original": {
        "owner": "nix-community",
        "repo": "emacs-overlay",
        "type": "github"
      }
    },
    "fish-colored-man-plugin": {
      "flake": false,
      "locked": {
        "lastModified": 1626408713,
        "narHash": "sha256-uoZ4eSFbZlsRfISIkJQp24qPUNqxeD0JbRb/gVdRYlA=",
        "owner": "decors",
        "repo": "fish-colored-man",
        "rev": "1ad8fff696d48c8bf173aa98f9dff39d7916de0e",
        "type": "github"
      },
      "original": {
        "owner": "decors",
        "repo": "fish-colored-man",
        "type": "github"
      }
    },
    "fish-grc": {
      "flake": false,
      "locked": {
        "lastModified": 1653372102,
        "narHash": "sha256-NQa12L0zlEz2EJjMDhWUhw5cz/zcFokjuCK5ZofTn+Q=",
        "owner": "oh-my-fish",
        "repo": "plugin-grc",
        "rev": "61de7a8a0d7bda3234f8703d6e07c671992eb079",
        "type": "github"
      },
      "original": {
        "owner": "oh-my-fish",
        "repo": "plugin-grc",
        "type": "github"
      }
    },
    "fish-z-plugin": {
      "flake": false,
      "locked": {
        "lastModified": 1649439817,
        "narHash": "sha256-+FUBM7CodtZrYKqU542fQD+ZDGrd2438trKM0tIESs0=",
        "owner": "jethrokuan",
        "repo": "z",
        "rev": "85f863f20f24faf675827fb00f3a4e15c7838d76",
        "type": "github"
      },
      "original": {
        "owner": "jethrokuan",
        "repo": "z",
        "type": "github"
      }
    },
    "flake-compat": {
      "flake": false,
      "locked": {
        "lastModified": 1650374568,
        "narHash": "sha256-Z+s0J8/r907g149rllvwhb4pKi8Wam5ij0st8PwAh+E=",
        "owner": "edolstra",
        "repo": "flake-compat",
        "rev": "b4a34015c698c7793d592d66adbab377907a2be8",
        "type": "github"
      },
      "original": {
        "owner": "edolstra",
        "repo": "flake-compat",
        "type": "github"
      }
    },
    "flake-utils": {
      "locked": {
        "lastModified": 1623875721,
        "narHash": "sha256-A8BU7bjS5GirpAUv4QA+QnJ4CceLHkcXdRp4xITDB0s=",
        "owner": "numtide",
        "repo": "flake-utils",
        "rev": "f7e004a55b120c02ecb6219596820fcd32ca8772",
        "type": "github"
      },
      "original": {
        "owner": "numtide",
        "repo": "flake-utils",
        "type": "github"
      }
    },
    "flake-utils_2": {
      "locked": {
        "lastModified": 1656928814,
        "narHash": "sha256-RIFfgBuKz6Hp89yRr7+NR5tzIAbn52h8vT6vXkYjZoM=",
        "owner": "numtide",
        "repo": "flake-utils",
        "rev": "7e2a3b3dfd9af950a856d66b0a7d01e3c18aa249",
        "type": "github"
      },
      "original": {
        "owner": "numtide",
        "repo": "flake-utils",
        "type": "github"
      }
    },
    "flake-utils_3": {
      "locked": {
        "lastModified": 1653893745,
        "narHash": "sha256-0jntwV3Z8//YwuOjzhV2sgJJPt+HY6KhU7VZUL0fKZQ=",
        "owner": "numtide",
        "repo": "flake-utils",
        "rev": "1ed9fb1935d260de5fe1c2f7ee0ebaae17ed2fa1",
        "type": "github"
      },
      "original": {
        "owner": "numtide",
        "repo": "flake-utils",
        "type": "github"
      }
    },
    "flake-utils_4": {
      "locked": {
        "lastModified": 1656928814,
        "narHash": "sha256-RIFfgBuKz6Hp89yRr7+NR5tzIAbn52h8vT6vXkYjZoM=",
        "owner": "numtide",
        "repo": "flake-utils",
        "rev": "7e2a3b3dfd9af950a856d66b0a7d01e3c18aa249",
        "type": "github"
      },
      "original": {
        "owner": "numtide",
        "repo": "flake-utils",
        "type": "github"
      }
    },
    "goose": {
      "flake": false,
      "locked": {
        "lastModified": 1629513529,
        "narHash": "sha256-3Uu24QLF85r0g41tKR715aIYNVpNhlGjV/6qtoRC/+o=",
        "owner": "pressly",
        "repo": "goose",
        "rev": "d15e25ab596691c99064efe936a7dff9c71735b1",
        "type": "github"
      },
      "original": {
        "owner": "pressly",
        "ref": "v3.1.0",
        "repo": "goose",
        "type": "github"
      }
    },
    "home-manager": {
      "inputs": {
        "nixpkgs": "nixpkgs_4"
      },
      "locked": {
        "lastModified": 1656169755,
        "narHash": "sha256-Nlnm4jeQWEGjYrE6hxi/7HYHjBSZ/E0RtjCYifnNsWk=",
        "owner": "nix-community",
        "repo": "home-manager",
        "rev": "4a3d01fb53f52ac83194081272795aa4612c2381",
        "type": "github"
      },
      "original": {
        "owner": "nix-community",
        "ref": "release-22.05",
        "repo": "home-manager",
        "type": "github"
      }
    },
    "hyprland": {
      "inputs": {
        "nixpkgs": [
          "nixpkgs"
        ],
        "wlroots": "wlroots"
      },
      "locked": {
        "lastModified": 1657563796,
        "narHash": "sha256-MVtfdG70IgREWeWOljpig1FTJQYIzZHMRJxQqGkoRZM=",
        "owner": "vaxerski",
        "repo": "Hyprland",
        "rev": "ad66c158ba793c424519eaee0a64fb81860f5e3c",
        "type": "github"
      },
      "original": {
        "owner": "vaxerski",
        "repo": "Hyprland",
        "type": "github"
      }
    },
    "lib-aggregate": {
      "inputs": {
        "flake-utils": "flake-utils_4",
        "nixpkgs-lib": "nixpkgs-lib"
      },
      "locked": {
        "lastModified": 1656936732,
        "narHash": "sha256-Kw6MHsCwki62sVCJFh4xqpFp1ZwV5Lo7WPLVhfp25cQ=",
        "owner": "nix-community",
        "repo": "lib-aggregate",
        "rev": "0edeac05cbd82efa98aec36c0773d83592998f81",
        "type": "github"
      },
      "original": {
        "owner": "nix-community",
        "repo": "lib-aggregate",
        "type": "github"
      }
    },
    "lowdown-src": {
      "flake": false,
      "locked": {
        "lastModified": 1633514407,
        "narHash": "sha256-Dw32tiMjdK9t3ETl5fzGrutQTzh2rufgZV4A/BbxuD4=",
        "owner": "kristapsdz",
        "repo": "lowdown",
        "rev": "d2c2b44ff6c27b936ec27358a2653caaef8f73b8",
        "type": "github"
      },
      "original": {
        "owner": "kristapsdz",
        "repo": "lowdown",
        "type": "github"
      }
    },
    "nix": {
      "inputs": {
        "lowdown-src": "lowdown-src",
        "nixpkgs": "nixpkgs_5",
        "nixpkgs-regression": "nixpkgs-regression"
      },
      "locked": {
        "lastModified": 1657568573,
        "narHash": "sha256-375vGqOF+U1AHFn4QADyyp4D+vkKy6fl5HYWMYfPzIU=",
        "owner": "nixos",
        "repo": "nix",
        "rev": "7e23039b7f491f8517309e0c20653d6d80c37dd7",
        "type": "github"
      },
      "original": {
        "owner": "nixos",
        "repo": "nix",
        "type": "github"
      }
    },
    "nix-alien": {
      "inputs": {
        "flake-utils": "flake-utils_3",
        "nixpkgs": [
          "nixpkgs"
        ],
        "poetry2nix": "poetry2nix"
      },
      "locked": {
        "lastModified": 1657393466,
        "narHash": "sha256-+903NY1f8OLALHjthm3hWBF/70mmcn8NeAXoFnXJ5Iw=",
        "owner": "thiagokokada",
        "repo": "nix-alien",
        "rev": "97e2d0ef6620b6738569b374c109be27b8a609d5",
        "type": "github"
      },
      "original": {
        "owner": "thiagokokada",
        "repo": "nix-alien",
        "type": "github"
      }
    },
    "nixos-hardware": {
      "locked": {
        "lastModified": 1656933710,
        "narHash": "sha256-SVG8EqY1OTJWBRY4hpct2ZR2Rk0L8hCFkug3m0ABoZE=",
        "owner": "NixOS",
        "repo": "nixos-hardware",
        "rev": "3bf48d3587d3f34f745a19ebc968b002ef5b5c5a",
        "type": "github"
      },
      "original": {
        "owner": "NixOS",
        "ref": "master",
        "repo": "nixos-hardware",
        "type": "github"
      }
    },
    "nixpkgs": {
      "locked": {
        "lastModified": 1623798125,
        "narHash": "sha256-I6xUuLZWCkdNNvZdNm7P4NtmqMaCI2QHQcrAYvTB3B0=",
        "owner": "NixOS",
        "repo": "nixpkgs",
        "rev": "c0c5925832c1da45b1100a10ae5c5a55a6952acf",
        "type": "github"
      },
      "original": {
        "id": "nixpkgs",
        "ref": "release-21.05",
        "type": "indirect"
      }
    },
    "nixpkgs-lib": {
      "locked": {
        "lastModified": 1656809537,
        "narHash": "sha256-pwXBYG3ThN4ccJjvcdNdonQ8Wyv0y/iYdnuesiFUY1U=",
        "owner": "nix-community",
        "repo": "nixpkgs.lib",
        "rev": "40e271f69106323734b55e2ba74f13bebde324c0",
        "type": "github"
      },
      "original": {
        "owner": "nix-community",
        "repo": "nixpkgs.lib",
        "type": "github"
      }
    },
    "nixpkgs-local": {
      "locked": {
        "lastModified": 1605905424,
        "narHash": "sha256-oXEYQG7IXrfqQ6zWGyx/MvSE27GQcdTzGtcG00+Cz7I=",
        "owner": "pltanton",
        "repo": "nixpkgs",
        "rev": "80e40dd0a460093e43167eb29ca70ad8f11ceefc",
        "type": "github"
      },
      "original": {
        "owner": "pltanton",
        "ref": "master",
        "repo": "nixpkgs",
        "type": "github"
      }
    },
    "nixpkgs-master": {
      "locked": {
        "lastModified": 1657569144,
        "narHash": "sha256-KrlWJRAWjiYEh+8CyuYLRf9OcS+dT4UCV3KgWqtW3yY=",
        "owner": "nixos",
        "repo": "nixpkgs",
        "rev": "20390cad8a470ba2fffe95524db0a308384f70c0",
        "type": "github"
      },
      "original": {
        "owner": "nixos",
        "ref": "master",
        "repo": "nixpkgs",
        "type": "github"
      }
    },
    "nixpkgs-regression": {
      "locked": {
        "lastModified": 1643052045,
        "narHash": "sha256-uGJ0VXIhWKGXxkeNnq4TvV3CIOkUJ3PAoLZ3HMzNVMw=",
        "owner": "NixOS",
        "repo": "nixpkgs",
        "rev": "215d4d0fd80ca5163643b03a33fde804a29cc1e2",
        "type": "github"
      },
      "original": {
        "owner": "NixOS",
        "repo": "nixpkgs",
        "rev": "215d4d0fd80ca5163643b03a33fde804a29cc1e2",
        "type": "github"
      }
    },
    "nixpkgs-stable": {
      "locked": {
        "lastModified": 1657296039,
        "narHash": "sha256-Ghh39+aS+pw5sTP/ZO8VIKE6sBhMadDaQZtf+3yu4Vc=",
        "owner": "nixos",
        "repo": "nixpkgs",
        "rev": "71d7a4c037dc4f3e98d5c4a81b941933cf5bf675",
        "type": "github"
      },
      "original": {
        "owner": "nixos",
        "ref": "nixos-22.05",
        "repo": "nixpkgs",
        "type": "github"
      }
    },
    "nixpkgs-wayland": {
      "inputs": {
        "cachix": "cachix",
        "flake-compat": "flake-compat",
        "lib-aggregate": "lib-aggregate",
        "nixpkgs": "nixpkgs_7"
      },
      "locked": {
        "lastModified": 1657385593,
        "narHash": "sha256-Y0mvXnPurtwOWuInBMVX7FPaGkuSfCYvBigc/H0vDsA=",
        "owner": "nix-community",
        "repo": "nixpkgs-wayland",
        "rev": "cea7dd5bcf1bdd0bd423b395698c7728fe007317",
        "type": "github"
      },
      "original": {
        "owner": "nix-community",
        "repo": "nixpkgs-wayland",
        "type": "github"
      }
    },
    "nixpkgs_2": {
      "locked": {
        "lastModified": 1625522950,
        "narHash": "sha256-101L0cQyYYmC0TP2PvukJkkzp4qnbo8AAjw879OTKXw=",
        "owner": "NixOS",
        "repo": "nixpkgs",
        "rev": "976791a768ae57b66718e1ba52c86d2e66462187",
        "type": "github"
      },
      "original": {
        "id": "nixpkgs",
        "type": "indirect"
      }
    },
    "nixpkgs_3": {
      "locked": {
        "lastModified": 1657532632,
        "narHash": "sha256-uEwe1CAQxb0eOWIwxQ3zpMs/llshirlrCXZQz6vkYQU=",
        "owner": "NixOS",
        "repo": "nixpkgs",
        "rev": "85deee6d6c8127d360096a5caa0aeb876b976496",
        "type": "github"
      },
      "original": {
        "id": "nixpkgs",
        "type": "indirect"
      }
    },
    "nixpkgs_4": {
      "locked": {
        "lastModified": 1657532632,
        "narHash": "sha256-uEwe1CAQxb0eOWIwxQ3zpMs/llshirlrCXZQz6vkYQU=",
        "owner": "NixOS",
        "repo": "nixpkgs",
        "rev": "85deee6d6c8127d360096a5caa0aeb876b976496",
        "type": "github"
      },
      "original": {
        "id": "nixpkgs",
        "type": "indirect"
      }
    },
    "nixpkgs_5": {
      "locked": {
        "lastModified": 1653988320,
        "narHash": "sha256-ZaqFFsSDipZ6KVqriwM34T739+KLYJvNmCWzErjAg7c=",
        "owner": "NixOS",
        "repo": "nixpkgs",
        "rev": "2fa57ed190fd6c7c746319444f34b5917666e5c1",
        "type": "github"
      },
      "original": {
        "owner": "NixOS",
        "ref": "nixos-22.05-small",
        "repo": "nixpkgs",
        "type": "github"
      }
    },
    "nixpkgs_6": {
      "locked": {
        "lastModified": 1657296039,
        "narHash": "sha256-Ghh39+aS+pw5sTP/ZO8VIKE6sBhMadDaQZtf+3yu4Vc=",
        "owner": "nixos",
        "repo": "nixpkgs",
        "rev": "71d7a4c037dc4f3e98d5c4a81b941933cf5bf675",
        "type": "github"
      },
      "original": {
        "owner": "nixos",
        "ref": "nixos-22.05",
        "repo": "nixpkgs",
        "type": "github"
      }
    },
    "nixpkgs_7": {
      "locked": {
        "lastModified": 1657265485,
        "narHash": "sha256-PUQ9C7mfi0/BnaAUX2R/PIkoNCb/Jtx9EpnhMBNrO/o=",
        "owner": "nixos",
        "repo": "nixpkgs",
        "rev": "b39924fc7764c08ae3b51beef9a3518c414cdb7d",
        "type": "github"
      },
      "original": {
        "owner": "nixos",
        "ref": "nixos-unstable",
        "repo": "nixpkgs",
        "type": "github"
      }
    },
    "nixpkgs_8": {
      "locked": {
        "lastModified": 1599510591,
        "narHash": "sha256-rx6LLVncYqChBVVNopRY7tn59aP4qPqNjsAxt2X6/L8=",
        "owner": "nixos",
        "repo": "nixpkgs",
        "rev": "61525137fd1002f6f2a5eb0ea27d480713362cd5",
        "type": "github"
      },
      "original": {
        "owner": "nixos",
        "ref": "nixos-unstable",
        "repo": "nixpkgs",
        "type": "github"
      }
    },
    "nur": {
      "locked": {
        "lastModified": 1657563923,
        "narHash": "sha256-gvouxQe93ynZzlUWBxGbk7TJRzAQ5w3wiyNRYODiFJM=",
        "owner": "nix-community",
        "repo": "NUR",
        "rev": "ba9415d7c8ad896048d4d54d770f2d0c45791d1a",
        "type": "github"
      },
      "original": {
        "owner": "nix-community",
        "repo": "NUR",
        "type": "github"
      }
    },
    "poetry2nix": {
      "inputs": {
        "flake-utils": [
          "nix-alien",
          "flake-utils"
        ],
        "nixpkgs": [
          "nix-alien",
          "nixpkgs"
        ]
      },
      "locked": {
        "lastModified": 1655106322,
        "narHash": "sha256-X7oWgty5uKYYTg7n6gut/lShi1X5QxiOfLQNHyJ5LaM=",
        "owner": "nix-community",
        "repo": "poetry2nix",
        "rev": "347ccb4ce58e7af1ece3f9743019263c4aede7b8",
        "type": "github"
      },
      "original": {
        "owner": "nix-community",
        "repo": "poetry2nix",
        "type": "github"
      }
    },
    "quizanus": {
      "inputs": {
        "nixpkgs": "nixpkgs_8"
      },
      "locked": {
        "lastModified": 1600144335,
        "narHash": "sha256-OqN/7b0IByuAb41s7X9eW+zdG/FvsuT6seIGfpb5mN8=",
        "ref": "refs/heads/master",
        "rev": "244df7eaef3555c2935d3ef92f580ca5bc79c550",
        "revCount": 1,
        "type": "git",
        "url": "ssh://gitea@gitea.kaliwe.ru/pltanton/quizanus.git"
      },
      "original": {
        "type": "git",
        "url": "ssh://gitea@gitea.kaliwe.ru/pltanton/quizanus.git"
      }
    },
    "root": {
      "inputs": {
        "activate-linux": "activate-linux",
        "base16": "base16",
        "bwmenu": "bwmenu",
        "doom-emacs": "doom-emacs",
        "emacs-overlay": "emacs-overlay",
        "fish-colored-man-plugin": "fish-colored-man-plugin",
        "fish-grc": "fish-grc",
        "fish-z-plugin": "fish-z-plugin",
        "goose": "goose",
        "home-manager": "home-manager",
        "hyprland": "hyprland",
        "nix": "nix",
        "nix-alien": "nix-alien",
        "nixos-hardware": "nixos-hardware",
        "nixpkgs": "nixpkgs_6",
        "nixpkgs-local": "nixpkgs-local",
        "nixpkgs-master": "nixpkgs-master",
        "nixpkgs-stable": "nixpkgs-stable",
        "nixpkgs-wayland": "nixpkgs-wayland",
        "nur": "nur",
        "quizanus": "quizanus",
        "swaylock-effects-src": "swaylock-effects-src",
        "swaymonad": "swaymonad"
      }
    },
    "swaylock-effects-src": {
      "flake": false,
      "locked": {
        "lastModified": 1633886507,
        "narHash": "sha256-GN+cxzC11Dk1nN9wVWIyv+rCrg4yaHnCePRYS1c4JTk=",
        "owner": "mortie",
        "repo": "swaylock-effects",
        "rev": "a8fc557b86e70f2f7a30ca9ff9b3124f89e7f204",
        "type": "github"
      },
      "original": {
        "owner": "mortie",
        "repo": "swaylock-effects",
        "type": "github"
      }
    },
    "swaymonad": {
      "inputs": {
        "nixpkgs": [
          "nixpkgs"
        ],
        "utils": "utils_2"
      },
      "locked": {
        "lastModified": 1654886320,
        "narHash": "sha256-+Q8onGxFg44cPX1s5AbikU0Ss9U6Zh28du2qjzoBRio=",
        "owner": "pltanton",
        "repo": "swaymonad",
        "rev": "20c9da9ab6f5441c0178f604005aff23502340cf",
        "type": "github"
      },
      "original": {
        "owner": "pltanton",
        "repo": "swaymonad",
        "type": "github"
      }
    },
    "utils": {
      "locked": {
        "lastModified": 1652776076,
        "narHash": "sha256-gzTw/v1vj4dOVbpBSJX4J0DwUR6LIyXo7/SuuTJp1kM=",
        "owner": "numtide",
        "repo": "flake-utils",
        "rev": "04c1b180862888302ddfb2e3ad9eaa63afc60cf8",
        "type": "github"
      },
      "original": {
        "owner": "numtide",
        "repo": "flake-utils",
        "type": "github"
      }
    },
    "utils_2": {
      "locked": {
        "lastModified": 1653893745,
        "narHash": "sha256-0jntwV3Z8//YwuOjzhV2sgJJPt+HY6KhU7VZUL0fKZQ=",
        "owner": "numtide",
        "repo": "flake-utils",
        "rev": "1ed9fb1935d260de5fe1c2f7ee0ebaae17ed2fa1",
        "type": "github"
      },
      "original": {
        "owner": "numtide",
        "repo": "flake-utils",
        "type": "github"
      }
    },
    "wlroots": {
      "flake": false,
      "locked": {
        "host": "gitlab.freedesktop.org",
        "lastModified": 1655824477,
        "narHash": "sha256-1kskHOLsnisR3kqIL5IHrQbQG/4xoXxeEf1ExMV6/RU=",
        "owner": "wlroots",
        "repo": "wlroots",
        "rev": "5c4384a1330faedf975c8b8644881d50390f3613",
        "type": "gitlab"
      },
      "original": {
        "host": "gitlab.freedesktop.org",
        "owner": "wlroots",
        "repo": "wlroots",
        "type": "gitlab"
      }
    }
  },
  "root": "root",
  "version": 7
}
